PODS:
  - SwiftLint (0.47.0)
  - "UITextView+Placeholder (1.4.0)"

DEPENDENCIES:
  - SwiftLint (~> 0.47.0)
  - "UITextView+Placeholder"

SPEC REPOS:
  https://github.com/CocoaPods/Specs.git:
    - SwiftLint
    - "UITextView+Placeholder"

SPEC CHECKSUMS:
  SwiftLint: d41cc46a2ae58ac6d9f26954bc89f1d72e71fdef
  "UITextView+Placeholder": d7b0c400921f66523f3a85d74f774512e14f6502

PODFILE CHECKSUM: d82fa421eb6bf7a385a314aacb644b6f4e397112

COCOAPODS: 1.12.1
