PODS:
  - "UITextView+Placeholder (1.4.0)"

DEPENDENCIES:
  - "UITextView+Placeholder"

SPEC REPOS:
  trunk:
    - "UITextView+Placeholder"

SPEC CHECKSUMS:
  "UITextView+Placeholder": d7b0c400921f66523f3a85d74f774512e14f6502

PODFILE CHECKSUM: 3e595fe18d9b9a3817912b0c50bf08cb1dc97927

COCOAPODS: 1.14.2
