// !$*UTF8*$!
{
	archiveVersion = 1;
	classes = {
	};
	objectVersion = 55;
	objects = {

/* Begin PBXBuildFile section */
		047DC73A2819341000717EEC /* Colors.xcassets in Resources */ = {isa = PBXBuildFile; fileRef = 047DC7392819341000717EEC /* Colors.xcassets */; };
		047DC73C281934EB00717EEC /* Localization_TODO.txt in Resources */ = {isa = PBXBuildFile; fileRef = 047DC73B281934EB00717EEC /* Localization_TODO.txt */; };
		047DC73E2819357800717EEC /* Fonts_TODO.txt in Resources */ = {isa = PBXBuildFile; fileRef = 047DC73D2819357800717EEC /* Fonts_TODO.txt */; };
		047DC740281935E500717EEC /* UIColor+Extension.swift in Sources */ = {isa = PBXBuildFile; fileRef = 047DC73F281935E500717EEC /* UIColor+Extension.swift */; };
		047DC7422819438C00717EEC /* UIFont+Extension.swift in Sources */ = {isa = PBXBuildFile; fileRef = 047DC7412819438C00717EEC /* UIFont+Extension.swift */; };
		047DC747281943EA00717EEC /* Raleway-Medium.ttf in Resources */ = {isa = PBXBuildFile; fileRef = 047DC744281943EA00717EEC /* Raleway-Medium.ttf */; };
		047DC748281943EA00717EEC /* Raleway-Regular.ttf in Resources */ = {isa = PBXBuildFile; fileRef = 047DC745281943EA00717EEC /* Raleway-Regular.ttf */; };
		047DC749281943EA00717EEC /* Raleway-Bold.ttf in Resources */ = {isa = PBXBuildFile; fileRef = 047DC746281943EA00717EEC /* Raleway-Bold.ttf */; };
		04D52D1F2809D7FC00D4C010 /* AppDelegate.swift in Sources */ = {isa = PBXBuildFile; fileRef = 04D52D1E2809D7FC00D4C010 /* AppDelegate.swift */; };
		04D52D212809D7FC00D4C010 /* SceneDelegate.swift in Sources */ = {isa = PBXBuildFile; fileRef = 04D52D202809D7FC00D4C010 /* SceneDelegate.swift */; };
		04D52D232809D7FC00D4C010 /* SignInViewController.swift in Sources */ = {isa = PBXBuildFile; fileRef = 04D52D222809D7FC00D4C010 /* SignInViewController.swift */; };
		04D52D282809D80B00D4C010 /* Assets.xcassets in Resources */ = {isa = PBXBuildFile; fileRef = 04D52D272809D80B00D4C010 /* Assets.xcassets */; };
		04D52D2B2809D80B00D4C010 /* LaunchScreen.storyboard in Resources */ = {isa = PBXBuildFile; fileRef = 04D52D292809D80B00D4C010 /* LaunchScreen.storyboard */; };
		04D52D362809D80B00D4C010 /* FacebookiOSTests.swift in Sources */ = {isa = PBXBuildFile; fileRef = 04D52D352809D80B00D4C010 /* FacebookiOSTests.swift */; };
		04D52D402809D80B00D4C010 /* FacebookiOSUITests.swift in Sources */ = {isa = PBXBuildFile; fileRef = 04D52D3F2809D80B00D4C010 /* FacebookiOSUITests.swift */; };
		04D52D422809D80B00D4C010 /* Facebook_iOSUITestsLaunchTests.swift in Sources */ = {isa = PBXBuildFile; fileRef = 04D52D412809D80B00D4C010 /* Facebook_iOSUITestsLaunchTests.swift */; };
		04D52D5C2809F14600D4C010 /* Images.xcassets in Resources */ = {isa = PBXBuildFile; fileRef = 04D52D5B2809F14600D4C010 /* Images.xcassets */; };
		04D52D5F2809F48600D4C010 /* DataModels_TODO.txt in Resources */ = {isa = PBXBuildFile; fileRef = 04D52D5E2809F48600D4C010 /* DataModels_TODO.txt */; };
		04D52D622809F4C400D4C010 /* CoreUI_TODO.txt in Resources */ = {isa = PBXBuildFile; fileRef = 04D52D612809F4C400D4C010 /* CoreUI_TODO.txt */; };
		04D52D672809F52F00D4C010 /* Foundation_Extensions_TODO.txt in Resources */ = {isa = PBXBuildFile; fileRef = 04D52D662809F52F00D4C010 /* Foundation_Extensions_TODO.txt */; };
		04D52D692809F55800D4C010 /* UIKit_Extensions_TODO.txt in Resources */ = {isa = PBXBuildFile; fileRef = 04D52D682809F55800D4C010 /* UIKit_Extensions_TODO.txt */; };
		04D52D6C2809F5B900D4C010 /* Services_TODO.txt in Resources */ = {isa = PBXBuildFile; fileRef = 04D52D6B2809F5B900D4C010 /* Services_TODO.txt */; };
		04D52D6F2809F62900D4C010 /* Protocols_TODO.txt in Resources */ = {isa = PBXBuildFile; fileRef = 04D52D6E2809F62900D4C010 /* Protocols_TODO.txt */; };
		5F14F1A029FB9BAD0079C0A4 /* FacebookCore in Frameworks */ = {isa = PBXBuildFile; productRef = 5F14F19F29FB9BAD0079C0A4 /* FacebookCore */; };
		5F14F1A229FB9BAD0079C0A4 /* FacebookLogin in Frameworks */ = {isa = PBXBuildFile; productRef = 5F14F1A129FB9BAD0079C0A4 /* FacebookLogin */; };
		5F14F1A429FB9BAD0079C0A4 /* FacebookShare in Frameworks */ = {isa = PBXBuildFile; productRef = 5F14F1A329FB9BAD0079C0A4 /* FacebookShare */; };
		5F30BE412A12EF3E00BF3F0B /* UIImage+DownloadImage.swift in Sources */ = {isa = PBXBuildFile; fileRef = 5F30BE402A12EF3E00BF3F0B /* UIImage+DownloadImage.swift */; };
		5F76A2522A09A92400349063 /* FeedCoordinator.swift in Sources */ = {isa = PBXBuildFile; fileRef = 5F76A2512A09A92400349063 /* FeedCoordinator.swift */; };
		5F76A2542A09A93200349063 /* ProfileCoordinator.swift in Sources */ = {isa = PBXBuildFile; fileRef = 5F76A2532A09A93200349063 /* ProfileCoordinator.swift */; };
		5F76A2562A09A96C00349063 /* FeedViewModel.swift in Sources */ = {isa = PBXBuildFile; fileRef = 5F76A2552A09A96C00349063 /* FeedViewModel.swift */; };
		5F76A2582A09A98700349063 /* ProfileViewModel.swift in Sources */ = {isa = PBXBuildFile; fileRef = 5F76A2572A09A98700349063 /* ProfileViewModel.swift */; };
		5F7ED8C12A67416A00339CD5 /* PhotoCollectionViewCellViewModel.swift in Sources */ = {isa = PBXBuildFile; fileRef = 5F7ED8C02A67416A00339CD5 /* PhotoCollectionViewCellViewModel.swift */; };
		5F8DEB722A0D8DBF002B8835 /* CustomImageView.swift in Sources */ = {isa = PBXBuildFile; fileRef = 5F8DEB712A0D8DBF002B8835 /* CustomImageView.swift */; };
		5F8DEB742A0DA500002B8835 /* UIView+Padding.swift in Sources */ = {isa = PBXBuildFile; fileRef = 5F8DEB732A0DA500002B8835 /* UIView+Padding.swift */; };
		5F8E81202A391ABC00787032 /* UIButton+Highlight.swift in Sources */ = {isa = PBXBuildFile; fileRef = 5F8E811F2A391ABC00787032 /* UIButton+Highlight.swift */; };
		5F8E81222A3A248300787032 /* CreatePostDataViewModel.swift in Sources */ = {isa = PBXBuildFile; fileRef = 5F8E81212A3A248300787032 /* CreatePostDataViewModel.swift */; };
		5FAFC6B02A37D10A00097F02 /* GenericNetworkServiceProtocol.swift in Sources */ = {isa = PBXBuildFile; fileRef = 5FAFC6AF2A37D10A00097F02 /* GenericNetworkServiceProtocol.swift */; };
		5FB6AD092A609C9400B69B4F /* PhotoCollectionViewDataSource.swift in Sources */ = {isa = PBXBuildFile; fileRef = 5FB6AD082A609C9400B69B4F /* PhotoCollectionViewDataSource.swift */; };
		5FB7CC632A1BD61E0052209B /* ImageSliderCollectionViewCell.swift in Sources */ = {isa = PBXBuildFile; fileRef = 5FB7CC622A1BD61E0052209B /* ImageSliderCollectionViewCell.swift */; };
		5FB901B52A1583CA00F184EA /* CustomProfileButtons.swift in Sources */ = {isa = PBXBuildFile; fileRef = 5FB901B42A1583CA00F184EA /* CustomProfileButtons.swift */; };
		5FC291832A38D4B5003DDB58 /* UITextView+DoneButton.swift in Sources */ = {isa = PBXBuildFile; fileRef = 5FC291822A38D4B5003DDB58 /* UITextView+DoneButton.swift */; };
		5FC291862A38E0BB003DDB58 /* PhotoCollectionViewCell.swift in Sources */ = {isa = PBXBuildFile; fileRef = 5FC291852A38E0BB003DDB58 /* PhotoCollectionViewCell.swift */; };
		5FC575652A2471470030EEC3 /* FeedTableViewCellViewModel.swift in Sources */ = {isa = PBXBuildFile; fileRef = 5FC575642A2471470030EEC3 /* FeedTableViewCellViewModel.swift */; };
		5FC575672A24865C0030EEC3 /* Date+ISO8601Formatting.swift in Sources */ = {isa = PBXBuildFile; fileRef = 5FC575662A24865C0030EEC3 /* Date+ISO8601Formatting.swift */; };
		5FC6BFB42A0CC2EF00C157DA /* ProfileView.swift in Sources */ = {isa = PBXBuildFile; fileRef = 5FC6BFB32A0CC2EF00C157DA /* ProfileView.swift */; };
		5FC6C84D2A1744D900DC8D84 /* FeedTableViewCell.swift in Sources */ = {isa = PBXBuildFile; fileRef = 5FC6C84C2A1744D900DC8D84 /* FeedTableViewCell.swift */; };
		5FC6C8522A17537100DC8D84 /* Roboto-Medium.ttf in Resources */ = {isa = PBXBuildFile; fileRef = 5FC6C8512A17537100DC8D84 /* Roboto-Medium.ttf */; };
		5FCAD85A2A16B8B300E2B0E0 /* FeedData.swift in Sources */ = {isa = PBXBuildFile; fileRef = 5FCAD8592A16B8B300E2B0E0 /* FeedData.swift */; };
		5FCAD8602A16C5C100E2B0E0 /* FeedNetworkService.swift in Sources */ = {isa = PBXBuildFile; fileRef = 5FCAD85F2A16C5C100E2B0E0 /* FeedNetworkService.swift */; };
		5FCAD8622A16C61F00E2B0E0 /* FeedNetworkServiceProtocol.swift in Sources */ = {isa = PBXBuildFile; fileRef = 5FCAD8612A16C61F00E2B0E0 /* FeedNetworkServiceProtocol.swift */; };
		5FCAD8652A16C6A800E2B0E0 /* NetworkServiceErrors.swift in Sources */ = {isa = PBXBuildFile; fileRef = 5FCAD8642A16C6A800E2B0E0 /* NetworkServiceErrors.swift */; };
		5FCF14DE2A3B50CE00E5CDDD /* PhotoPickerService.swift in Sources */ = {isa = PBXBuildFile; fileRef = 5FCF14DD2A3B50CE00E5CDDD /* PhotoPickerService.swift */; };
		5FCF14E22A3B9CA700E5CDDD /* PhotoPickerServiceProtocol.swift in Sources */ = {isa = PBXBuildFile; fileRef = 5FCF14E12A3B9CA700E5CDDD /* PhotoPickerServiceProtocol.swift */; };
		5FCF14E52A3BDC9400E5CDDD /* PhotoPickerServiceErrors.swift in Sources */ = {isa = PBXBuildFile; fileRef = 5FCF14E42A3BDC9400E5CDDD /* PhotoPickerServiceErrors.swift */; };
		5FD0217829FC222D003AC04E /* FacebookAuthService.swift in Sources */ = {isa = PBXBuildFile; fileRef = 5FD0217729FC222D003AC04E /* FacebookAuthService.swift */; };
		5FD0217A29FC224A003AC04E /* FacebookAuthServiceProtocol.swift in Sources */ = {isa = PBXBuildFile; fileRef = 5FD0217929FC224A003AC04E /* FacebookAuthServiceProtocol.swift */; };
		5FD175D52A0B6323008C5A4B /* UserProfileData.swift in Sources */ = {isa = PBXBuildFile; fileRef = 5FD175D42A0B6323008C5A4B /* UserProfileData.swift */; };
		5FD5349E2A1D365D0064C950 /* FeedView.swift in Sources */ = {isa = PBXBuildFile; fileRef = 5FD5349D2A1D365D0064C950 /* FeedView.swift */; };
		5FD6CE962A09693800FA785C /* KeyChainServiceProtocol.swift in Sources */ = {isa = PBXBuildFile; fileRef = 5FD6CE952A09693800FA785C /* KeyChainServiceProtocol.swift */; };
		5FD6CE982A0969F200FA785C /* KeychainServiceError.swift in Sources */ = {isa = PBXBuildFile; fileRef = 5FD6CE972A0969F200FA785C /* KeychainServiceError.swift */; };
		5FD7019D29F8F7BB00C81E85 /* SignInViewModel.swift in Sources */ = {isa = PBXBuildFile; fileRef = 5FD7019C29F8F7BB00C81E85 /* SignInViewModel.swift */; };
		5FD7F9A329F878A800DD2AF1 /* AppCoordinator.swift in Sources */ = {isa = PBXBuildFile; fileRef = 5FD7F9A229F878A800DD2AF1 /* AppCoordinator.swift */; };
		5FD923A129F98F8700633203 /* Roboto-MediumItalic.ttf in Resources */ = {isa = PBXBuildFile; fileRef = 5FD923A029F98F8700633203 /* Roboto-MediumItalic.ttf */; };
		5FD923A329F9913500633203 /* Roboto-BoldItalic.ttf in Resources */ = {isa = PBXBuildFile; fileRef = 5FD923A229F9913500633203 /* Roboto-BoldItalic.ttf */; };
		5FD923A529F99AF000633203 /* UIColor+Hex.swift in Sources */ = {isa = PBXBuildFile; fileRef = 5FD923A429F99AF000633203 /* UIColor+Hex.swift */; };
		5FD923A729F9A44600633203 /* SignInView.swift in Sources */ = {isa = PBXBuildFile; fileRef = 5FD923A629F9A44600633203 /* SignInView.swift */; };
		5FD923AB29F9DC6500633203 /* Localizable.strings in Resources */ = {isa = PBXBuildFile; fileRef = 5FD923AD29F9DC6500633203 /* Localizable.strings */; };
		5FD939572A05766300AD2823 /* KeychainService.swift in Sources */ = {isa = PBXBuildFile; fileRef = 5FD939562A05766300AD2823 /* KeychainService.swift */; };
		5FDB34162A041A020067A320 /* SignInCoordinator.swift in Sources */ = {isa = PBXBuildFile; fileRef = 5FDB34152A041A020067A320 /* SignInCoordinator.swift */; };
		5FDB34192A04350D0067A320 /* TabBarOptions.swift in Sources */ = {isa = PBXBuildFile; fileRef = 5FDB34182A04350D0067A320 /* TabBarOptions.swift */; };
		5FDB341B2A0436700067A320 /* TabBarCoordinator.swift in Sources */ = {isa = PBXBuildFile; fileRef = 5FDB341A2A0436700067A320 /* TabBarCoordinator.swift */; };
		5FDB341F2A0466AE0067A320 /* ProfileViewController.swift in Sources */ = {isa = PBXBuildFile; fileRef = 5FDB341E2A0466AE0067A320 /* ProfileViewController.swift */; };
		5FDB34212A0466C00067A320 /* FeedViewController.swift in Sources */ = {isa = PBXBuildFile; fileRef = 5FDB34202A0466C00067A320 /* FeedViewController.swift */; };
		5FDB34232A0479480067A320 /* ImagesConstants.swift in Sources */ = {isa = PBXBuildFile; fileRef = 5FDB34222A0479480067A320 /* ImagesConstants.swift */; };
		5FDBDDD72A12C2DC00CA4B8D /* Roboto-Bold.ttf in Resources */ = {isa = PBXBuildFile; fileRef = 5FDBDDD62A12C2DC00CA4B8D /* Roboto-Bold.ttf */; };
		5FDBDDD92A12C94C00CA4B8D /* Roboto-Regular.ttf in Resources */ = {isa = PBXBuildFile; fileRef = 5FDBDDD82A12C94C00CA4B8D /* Roboto-Regular.ttf */; };
		5FDCCEF42A2550D600A7EE54 /* CarouselCellViewModel.swift in Sources */ = {isa = PBXBuildFile; fileRef = 5FDCCEF32A2550D600A7EE54 /* CarouselCellViewModel.swift */; };
		5FDCD6B72A02F28A00AA6E73 /* BaseViewController.swift in Sources */ = {isa = PBXBuildFile; fileRef = 5FDCD6B62A02F28A00AA6E73 /* BaseViewController.swift */; };
		5FDCD6B92A02F2DF00AA6E73 /* ProgressHUDProtocol.swift in Sources */ = {isa = PBXBuildFile; fileRef = 5FDCD6B82A02F2DF00AA6E73 /* ProgressHUDProtocol.swift */; };
		5FDCD6BC2A02F51300AA6E73 /* JGProgressHUD in Frameworks */ = {isa = PBXBuildFile; productRef = 5FDCD6BB2A02F51300AA6E73 /* JGProgressHUD */; };
		5FDD99322A0BFE8E0091285C /* ProfileNetworkService.swift in Sources */ = {isa = PBXBuildFile; fileRef = 5FDD99312A0BFE8E0091285C /* ProfileNetworkService.swift */; };
		5FDD99342A0BFEB70091285C /* ProfileNetworkServiceProtocol.swift in Sources */ = {isa = PBXBuildFile; fileRef = 5FDD99332A0BFEB70091285C /* ProfileNetworkServiceProtocol.swift */; };
		5FDE133E2A33915800B0AF91 /* CreatePostView.swift in Sources */ = {isa = PBXBuildFile; fileRef = 5FDE133D2A33915800B0AF91 /* CreatePostView.swift */; };
		5FDE13402A33A36700B0AF91 /* CreatePostViewController.swift in Sources */ = {isa = PBXBuildFile; fileRef = 5FDE133F2A33A36700B0AF91 /* CreatePostViewController.swift */; };
		5FDE13422A33A67600B0AF91 /* CreatePostCoordinator.swift in Sources */ = {isa = PBXBuildFile; fileRef = 5FDE13412A33A67600B0AF91 /* CreatePostCoordinator.swift */; };
		5FDE13442A33CDFB00B0AF91 /* CreatePostViewModel.swift in Sources */ = {isa = PBXBuildFile; fileRef = 5FDE13432A33CDFB00B0AF91 /* CreatePostViewModel.swift */; };
		5FDFCA4129F5B3AC00E41A5F /* Coordinator.swift in Sources */ = {isa = PBXBuildFile; fileRef = 5FDFCA4029F5B3AC00E41A5F /* Coordinator.swift */; };
		5FF4DE9A2A159779002F16C3 /* CustomProfileLabel.swift in Sources */ = {isa = PBXBuildFile; fileRef = 5FF4DE992A159779002F16C3 /* CustomProfileLabel.swift */; };
		61C181CCF1F7735CEDAB988D /* Pods_App_Facebook_iOS.framework in Frameworks */ = {isa = PBXBuildFile; fileRef = 03B0769E5513789A098B1E06 /* Pods_App_Facebook_iOS.framework */; };
		B032E04476ADF3C218F4B0A4 /* Pods_App_Facebook_iOSUITests.framework in Frameworks */ = {isa = PBXBuildFile; fileRef = E3712D4409C66C44EF8F8F67 /* Pods_App_Facebook_iOSUITests.framework */; };
		DC0C2845F5CC992B49280B68 /* Pods_App_Facebook_iOSTests.framework in Frameworks */ = {isa = PBXBuildFile; fileRef = DC3A1A075D7C5B540D36784C /* Pods_App_Facebook_iOSTests.framework */; };
/* End PBXBuildFile section */

/* Begin PBXContainerItemProxy section */
		04D52D322809D80B00D4C010 /* PBXContainerItemProxy */ = {
			isa = PBXContainerItemProxy;
			containerPortal = 04D52D132809D7FC00D4C010 /* Project object */;
			proxyType = 1;
			remoteGlobalIDString = 04D52D1A2809D7FC00D4C010;
			remoteInfo = "Facebook-iOS";
		};
		04D52D3C2809D80B00D4C010 /* PBXContainerItemProxy */ = {
			isa = PBXContainerItemProxy;
			containerPortal = 04D52D132809D7FC00D4C010 /* Project object */;
			proxyType = 1;
			remoteGlobalIDString = 04D52D1A2809D7FC00D4C010;
			remoteInfo = "Facebook-iOS";
		};
/* End PBXContainerItemProxy section */

/* Begin PBXFileReference section */
		03B0769E5513789A098B1E06 /* Pods_App_Facebook_iOS.framework */ = {isa = PBXFileReference; explicitFileType = wrapper.framework; includeInIndex = 0; path = Pods_App_Facebook_iOS.framework; sourceTree = BUILT_PRODUCTS_DIR; };
		047DC7392819341000717EEC /* Colors.xcassets */ = {isa = PBXFileReference; lastKnownFileType = folder.assetcatalog; path = Colors.xcassets; sourceTree = "<group>"; };
		047DC73B281934EB00717EEC /* Localization_TODO.txt */ = {isa = PBXFileReference; fileEncoding = 4; lastKnownFileType = text; path = Localization_TODO.txt; sourceTree = "<group>"; };
		047DC73D2819357800717EEC /* Fonts_TODO.txt */ = {isa = PBXFileReference; fileEncoding = 4; lastKnownFileType = text; path = Fonts_TODO.txt; sourceTree = "<group>"; };
		047DC73F281935E500717EEC /* UIColor+Extension.swift */ = {isa = PBXFileReference; lastKnownFileType = sourcecode.swift; path = "UIColor+Extension.swift"; sourceTree = "<group>"; };
		047DC7412819438C00717EEC /* UIFont+Extension.swift */ = {isa = PBXFileReference; lastKnownFileType = sourcecode.swift; path = "UIFont+Extension.swift"; sourceTree = "<group>"; };
		047DC744281943EA00717EEC /* Raleway-Medium.ttf */ = {isa = PBXFileReference; lastKnownFileType = file; path = "Raleway-Medium.ttf"; sourceTree = "<group>"; };
		047DC745281943EA00717EEC /* Raleway-Regular.ttf */ = {isa = PBXFileReference; lastKnownFileType = file; path = "Raleway-Regular.ttf"; sourceTree = "<group>"; };
		047DC746281943EA00717EEC /* Raleway-Bold.ttf */ = {isa = PBXFileReference; lastKnownFileType = file; path = "Raleway-Bold.ttf"; sourceTree = "<group>"; };
		04D52D1B2809D7FC00D4C010 /* Facebook-iOS.app */ = {isa = PBXFileReference; explicitFileType = wrapper.application; includeInIndex = 0; path = "Facebook-iOS.app"; sourceTree = BUILT_PRODUCTS_DIR; };
		04D52D1E2809D7FC00D4C010 /* AppDelegate.swift */ = {isa = PBXFileReference; lastKnownFileType = sourcecode.swift; path = AppDelegate.swift; sourceTree = "<group>"; };
		04D52D202809D7FC00D4C010 /* SceneDelegate.swift */ = {isa = PBXFileReference; lastKnownFileType = sourcecode.swift; path = SceneDelegate.swift; sourceTree = "<group>"; };
		04D52D222809D7FC00D4C010 /* SignInViewController.swift */ = {isa = PBXFileReference; lastKnownFileType = sourcecode.swift; path = SignInViewController.swift; sourceTree = "<group>"; };
		04D52D272809D80B00D4C010 /* Assets.xcassets */ = {isa = PBXFileReference; lastKnownFileType = folder.assetcatalog; path = Assets.xcassets; sourceTree = "<group>"; };
		04D52D2A2809D80B00D4C010 /* Base */ = {isa = PBXFileReference; lastKnownFileType = file.storyboard; name = Base; path = Base.lproj/LaunchScreen.storyboard; sourceTree = "<group>"; };
		04D52D2C2809D80B00D4C010 /* Info.plist */ = {isa = PBXFileReference; lastKnownFileType = text.plist.xml; path = Info.plist; sourceTree = "<group>"; };
		04D52D312809D80B00D4C010 /* Facebook-iOSTests.xctest */ = {isa = PBXFileReference; explicitFileType = wrapper.cfbundle; includeInIndex = 0; path = "Facebook-iOSTests.xctest"; sourceTree = BUILT_PRODUCTS_DIR; };
		04D52D352809D80B00D4C010 /* FacebookiOSTests.swift */ = {isa = PBXFileReference; lastKnownFileType = sourcecode.swift; path = FacebookiOSTests.swift; sourceTree = "<group>"; };
		04D52D3B2809D80B00D4C010 /* Facebook-iOSUITests.xctest */ = {isa = PBXFileReference; explicitFileType = wrapper.cfbundle; includeInIndex = 0; path = "Facebook-iOSUITests.xctest"; sourceTree = BUILT_PRODUCTS_DIR; };
		04D52D3F2809D80B00D4C010 /* FacebookiOSUITests.swift */ = {isa = PBXFileReference; lastKnownFileType = sourcecode.swift; path = FacebookiOSUITests.swift; sourceTree = "<group>"; };
		04D52D412809D80B00D4C010 /* Facebook_iOSUITestsLaunchTests.swift */ = {isa = PBXFileReference; lastKnownFileType = sourcecode.swift; path = Facebook_iOSUITestsLaunchTests.swift; sourceTree = "<group>"; };
		04D52D5B2809F14600D4C010 /* Images.xcassets */ = {isa = PBXFileReference; lastKnownFileType = folder.assetcatalog; path = Images.xcassets; sourceTree = "<group>"; };
		04D52D5E2809F48600D4C010 /* DataModels_TODO.txt */ = {isa = PBXFileReference; fileEncoding = 4; lastKnownFileType = text; path = DataModels_TODO.txt; sourceTree = "<group>"; };
		04D52D612809F4C400D4C010 /* CoreUI_TODO.txt */ = {isa = PBXFileReference; fileEncoding = 4; lastKnownFileType = text; path = CoreUI_TODO.txt; sourceTree = "<group>"; };
		04D52D662809F52F00D4C010 /* Foundation_Extensions_TODO.txt */ = {isa = PBXFileReference; fileEncoding = 4; lastKnownFileType = text; path = Foundation_Extensions_TODO.txt; sourceTree = "<group>"; };
		04D52D682809F55800D4C010 /* UIKit_Extensions_TODO.txt */ = {isa = PBXFileReference; fileEncoding = 4; lastKnownFileType = text; path = UIKit_Extensions_TODO.txt; sourceTree = "<group>"; };
		04D52D6B2809F5B900D4C010 /* Services_TODO.txt */ = {isa = PBXFileReference; fileEncoding = 4; lastKnownFileType = text; path = Services_TODO.txt; sourceTree = "<group>"; };
		04D52D6E2809F62900D4C010 /* Protocols_TODO.txt */ = {isa = PBXFileReference; fileEncoding = 4; lastKnownFileType = text; path = Protocols_TODO.txt; sourceTree = "<group>"; };
		15A5B658A64061E412B41C2E /* Pods-App-Facebook-iOS.release.xcconfig */ = {isa = PBXFileReference; includeInIndex = 1; lastKnownFileType = text.xcconfig; name = "Pods-App-Facebook-iOS.release.xcconfig"; path = "Target Support Files/Pods-App-Facebook-iOS/Pods-App-Facebook-iOS.release.xcconfig"; sourceTree = "<group>"; };
		30D6BA4859E3C0D7A3A15332 /* Pods-App-Facebook-iOSTests.release.xcconfig */ = {isa = PBXFileReference; includeInIndex = 1; lastKnownFileType = text.xcconfig; name = "Pods-App-Facebook-iOSTests.release.xcconfig"; path = "Target Support Files/Pods-App-Facebook-iOSTests/Pods-App-Facebook-iOSTests.release.xcconfig"; sourceTree = "<group>"; };
		5F14F1A529FB9EEA0079C0A4 /* Facebook-iOS.entitlements */ = {isa = PBXFileReference; lastKnownFileType = text.plist.entitlements; path = "Facebook-iOS.entitlements"; sourceTree = "<group>"; };
		5F30BE402A12EF3E00BF3F0B /* UIImage+DownloadImage.swift */ = {isa = PBXFileReference; lastKnownFileType = sourcecode.swift; path = "UIImage+DownloadImage.swift"; sourceTree = "<group>"; };
		5F76A2512A09A92400349063 /* FeedCoordinator.swift */ = {isa = PBXFileReference; lastKnownFileType = sourcecode.swift; path = FeedCoordinator.swift; sourceTree = "<group>"; };
		5F76A2532A09A93200349063 /* ProfileCoordinator.swift */ = {isa = PBXFileReference; lastKnownFileType = sourcecode.swift; path = ProfileCoordinator.swift; sourceTree = "<group>"; };
		5F76A2552A09A96C00349063 /* FeedViewModel.swift */ = {isa = PBXFileReference; lastKnownFileType = sourcecode.swift; path = FeedViewModel.swift; sourceTree = "<group>"; };
		5F76A2572A09A98700349063 /* ProfileViewModel.swift */ = {isa = PBXFileReference; lastKnownFileType = sourcecode.swift; path = ProfileViewModel.swift; sourceTree = "<group>"; };
		5F7ED8C02A67416A00339CD5 /* PhotoCollectionViewCellViewModel.swift */ = {isa = PBXFileReference; lastKnownFileType = sourcecode.swift; path = PhotoCollectionViewCellViewModel.swift; sourceTree = "<group>"; };
		5F8DEB712A0D8DBF002B8835 /* CustomImageView.swift */ = {isa = PBXFileReference; lastKnownFileType = sourcecode.swift; path = CustomImageView.swift; sourceTree = "<group>"; };
		5F8DEB732A0DA500002B8835 /* UIView+Padding.swift */ = {isa = PBXFileReference; lastKnownFileType = sourcecode.swift; path = "UIView+Padding.swift"; sourceTree = "<group>"; };
		5F8E811F2A391ABC00787032 /* UIButton+Highlight.swift */ = {isa = PBXFileReference; lastKnownFileType = sourcecode.swift; path = "UIButton+Highlight.swift"; sourceTree = "<group>"; };
		5F8E81212A3A248300787032 /* CreatePostDataViewModel.swift */ = {isa = PBXFileReference; lastKnownFileType = sourcecode.swift; path = CreatePostDataViewModel.swift; sourceTree = "<group>"; };
		5FAFC6AF2A37D10A00097F02 /* GenericNetworkServiceProtocol.swift */ = {isa = PBXFileReference; lastKnownFileType = sourcecode.swift; path = GenericNetworkServiceProtocol.swift; sourceTree = "<group>"; };
		5FB6AD082A609C9400B69B4F /* PhotoCollectionViewDataSource.swift */ = {isa = PBXFileReference; lastKnownFileType = sourcecode.swift; path = PhotoCollectionViewDataSource.swift; sourceTree = "<group>"; };
		5FB7CC622A1BD61E0052209B /* ImageSliderCollectionViewCell.swift */ = {isa = PBXFileReference; lastKnownFileType = sourcecode.swift; path = ImageSliderCollectionViewCell.swift; sourceTree = "<group>"; };
		5FB901B42A1583CA00F184EA /* CustomProfileButtons.swift */ = {isa = PBXFileReference; lastKnownFileType = sourcecode.swift; path = CustomProfileButtons.swift; sourceTree = "<group>"; };
		5FC291822A38D4B5003DDB58 /* UITextView+DoneButton.swift */ = {isa = PBXFileReference; lastKnownFileType = sourcecode.swift; path = "UITextView+DoneButton.swift"; sourceTree = "<group>"; };
		5FC291852A38E0BB003DDB58 /* PhotoCollectionViewCell.swift */ = {isa = PBXFileReference; lastKnownFileType = sourcecode.swift; path = PhotoCollectionViewCell.swift; sourceTree = "<group>"; };
		5FC575642A2471470030EEC3 /* FeedTableViewCellViewModel.swift */ = {isa = PBXFileReference; lastKnownFileType = sourcecode.swift; path = FeedTableViewCellViewModel.swift; sourceTree = "<group>"; };
		5FC575662A24865C0030EEC3 /* Date+ISO8601Formatting.swift */ = {isa = PBXFileReference; lastKnownFileType = sourcecode.swift; path = "Date+ISO8601Formatting.swift"; sourceTree = "<group>"; };
		5FC6BFB32A0CC2EF00C157DA /* ProfileView.swift */ = {isa = PBXFileReference; lastKnownFileType = sourcecode.swift; path = ProfileView.swift; sourceTree = "<group>"; };
		5FC6C84C2A1744D900DC8D84 /* FeedTableViewCell.swift */ = {isa = PBXFileReference; lastKnownFileType = sourcecode.swift; path = FeedTableViewCell.swift; sourceTree = "<group>"; };
		5FC6C8512A17537100DC8D84 /* Roboto-Medium.ttf */ = {isa = PBXFileReference; lastKnownFileType = file; path = "Roboto-Medium.ttf"; sourceTree = "<group>"; };
		5FCAD8592A16B8B300E2B0E0 /* FeedData.swift */ = {isa = PBXFileReference; lastKnownFileType = sourcecode.swift; path = FeedData.swift; sourceTree = "<group>"; };
		5FCAD85F2A16C5C100E2B0E0 /* FeedNetworkService.swift */ = {isa = PBXFileReference; lastKnownFileType = sourcecode.swift; path = FeedNetworkService.swift; sourceTree = "<group>"; };
		5FCAD8612A16C61F00E2B0E0 /* FeedNetworkServiceProtocol.swift */ = {isa = PBXFileReference; lastKnownFileType = sourcecode.swift; path = FeedNetworkServiceProtocol.swift; sourceTree = "<group>"; };
		5FCAD8642A16C6A800E2B0E0 /* NetworkServiceErrors.swift */ = {isa = PBXFileReference; lastKnownFileType = sourcecode.swift; path = NetworkServiceErrors.swift; sourceTree = "<group>"; };
		5FCF14DD2A3B50CE00E5CDDD /* PhotoPickerService.swift */ = {isa = PBXFileReference; lastKnownFileType = sourcecode.swift; path = PhotoPickerService.swift; sourceTree = "<group>"; };
		5FCF14E12A3B9CA700E5CDDD /* PhotoPickerServiceProtocol.swift */ = {isa = PBXFileReference; lastKnownFileType = sourcecode.swift; path = PhotoPickerServiceProtocol.swift; sourceTree = "<group>"; };
		5FCF14E42A3BDC9400E5CDDD /* PhotoPickerServiceErrors.swift */ = {isa = PBXFileReference; lastKnownFileType = sourcecode.swift; path = PhotoPickerServiceErrors.swift; sourceTree = "<group>"; };
		5FD0217729FC222D003AC04E /* FacebookAuthService.swift */ = {isa = PBXFileReference; lastKnownFileType = sourcecode.swift; path = FacebookAuthService.swift; sourceTree = "<group>"; };
		5FD0217929FC224A003AC04E /* FacebookAuthServiceProtocol.swift */ = {isa = PBXFileReference; lastKnownFileType = sourcecode.swift; path = FacebookAuthServiceProtocol.swift; sourceTree = "<group>"; };
		5FD175D42A0B6323008C5A4B /* UserProfileData.swift */ = {isa = PBXFileReference; lastKnownFileType = sourcecode.swift; path = UserProfileData.swift; sourceTree = "<group>"; };
		5FD5349D2A1D365D0064C950 /* FeedView.swift */ = {isa = PBXFileReference; lastKnownFileType = sourcecode.swift; path = FeedView.swift; sourceTree = "<group>"; };
		5FD6CE952A09693800FA785C /* KeyChainServiceProtocol.swift */ = {isa = PBXFileReference; lastKnownFileType = sourcecode.swift; path = KeyChainServiceProtocol.swift; sourceTree = "<group>"; };
		5FD6CE972A0969F200FA785C /* KeychainServiceError.swift */ = {isa = PBXFileReference; lastKnownFileType = sourcecode.swift; path = KeychainServiceError.swift; sourceTree = "<group>"; };
		5FD7019C29F8F7BB00C81E85 /* SignInViewModel.swift */ = {isa = PBXFileReference; lastKnownFileType = sourcecode.swift; path = SignInViewModel.swift; sourceTree = "<group>"; };
		5FD7F9A229F878A800DD2AF1 /* AppCoordinator.swift */ = {isa = PBXFileReference; lastKnownFileType = sourcecode.swift; path = AppCoordinator.swift; sourceTree = "<group>"; };
		5FD923A029F98F8700633203 /* Roboto-MediumItalic.ttf */ = {isa = PBXFileReference; lastKnownFileType = file; path = "Roboto-MediumItalic.ttf"; sourceTree = "<group>"; };
		5FD923A229F9913500633203 /* Roboto-BoldItalic.ttf */ = {isa = PBXFileReference; lastKnownFileType = file; path = "Roboto-BoldItalic.ttf"; sourceTree = "<group>"; };
		5FD923A429F99AF000633203 /* UIColor+Hex.swift */ = {isa = PBXFileReference; lastKnownFileType = sourcecode.swift; path = "UIColor+Hex.swift"; sourceTree = "<group>"; };
		5FD923A629F9A44600633203 /* SignInView.swift */ = {isa = PBXFileReference; lastKnownFileType = sourcecode.swift; path = SignInView.swift; sourceTree = "<group>"; };
		5FD923A829F9DC4000633203 /* es */ = {isa = PBXFileReference; lastKnownFileType = text.plist.strings; name = es; path = es.lproj/LaunchScreen.strings; sourceTree = "<group>"; };
		5FD923AC29F9DC6500633203 /* en */ = {isa = PBXFileReference; lastKnownFileType = text.plist.strings; name = en; path = en.lproj/Localizable.strings; sourceTree = "<group>"; };
		5FD923AE29F9DC6700633203 /* es */ = {isa = PBXFileReference; lastKnownFileType = text.plist.strings; name = es; path = es.lproj/Localizable.strings; sourceTree = "<group>"; };
		5FD939562A05766300AD2823 /* KeychainService.swift */ = {isa = PBXFileReference; lastKnownFileType = sourcecode.swift; path = KeychainService.swift; sourceTree = "<group>"; };
		5FDB34152A041A020067A320 /* SignInCoordinator.swift */ = {isa = PBXFileReference; lastKnownFileType = sourcecode.swift; path = SignInCoordinator.swift; sourceTree = "<group>"; };
		5FDB34182A04350D0067A320 /* TabBarOptions.swift */ = {isa = PBXFileReference; lastKnownFileType = sourcecode.swift; path = TabBarOptions.swift; sourceTree = "<group>"; };
		5FDB341A2A0436700067A320 /* TabBarCoordinator.swift */ = {isa = PBXFileReference; lastKnownFileType = sourcecode.swift; path = TabBarCoordinator.swift; sourceTree = "<group>"; };
		5FDB341E2A0466AE0067A320 /* ProfileViewController.swift */ = {isa = PBXFileReference; lastKnownFileType = sourcecode.swift; path = ProfileViewController.swift; sourceTree = "<group>"; };
		5FDB34202A0466C00067A320 /* FeedViewController.swift */ = {isa = PBXFileReference; lastKnownFileType = sourcecode.swift; path = FeedViewController.swift; sourceTree = "<group>"; };
		5FDB34222A0479480067A320 /* ImagesConstants.swift */ = {isa = PBXFileReference; lastKnownFileType = sourcecode.swift; path = ImagesConstants.swift; sourceTree = "<group>"; };
		5FDBDDD62A12C2DC00CA4B8D /* Roboto-Bold.ttf */ = {isa = PBXFileReference; lastKnownFileType = file; path = "Roboto-Bold.ttf"; sourceTree = "<group>"; };
		5FDBDDD82A12C94C00CA4B8D /* Roboto-Regular.ttf */ = {isa = PBXFileReference; lastKnownFileType = file; path = "Roboto-Regular.ttf"; sourceTree = "<group>"; };
		5FDCCEF32A2550D600A7EE54 /* CarouselCellViewModel.swift */ = {isa = PBXFileReference; lastKnownFileType = sourcecode.swift; path = CarouselCellViewModel.swift; sourceTree = "<group>"; };
		5FDCD6B62A02F28A00AA6E73 /* BaseViewController.swift */ = {isa = PBXFileReference; lastKnownFileType = sourcecode.swift; path = BaseViewController.swift; sourceTree = "<group>"; };
		5FDCD6B82A02F2DF00AA6E73 /* ProgressHUDProtocol.swift */ = {isa = PBXFileReference; lastKnownFileType = sourcecode.swift; path = ProgressHUDProtocol.swift; sourceTree = "<group>"; };
		5FDD99312A0BFE8E0091285C /* ProfileNetworkService.swift */ = {isa = PBXFileReference; lastKnownFileType = sourcecode.swift; path = ProfileNetworkService.swift; sourceTree = "<group>"; };
		5FDD99332A0BFEB70091285C /* ProfileNetworkServiceProtocol.swift */ = {isa = PBXFileReference; lastKnownFileType = sourcecode.swift; path = ProfileNetworkServiceProtocol.swift; sourceTree = "<group>"; };
		5FDE133D2A33915800B0AF91 /* CreatePostView.swift */ = {isa = PBXFileReference; lastKnownFileType = sourcecode.swift; path = CreatePostView.swift; sourceTree = "<group>"; };
		5FDE133F2A33A36700B0AF91 /* CreatePostViewController.swift */ = {isa = PBXFileReference; lastKnownFileType = sourcecode.swift; path = CreatePostViewController.swift; sourceTree = "<group>"; };
		5FDE13412A33A67600B0AF91 /* CreatePostCoordinator.swift */ = {isa = PBXFileReference; lastKnownFileType = sourcecode.swift; path = CreatePostCoordinator.swift; sourceTree = "<group>"; };
		5FDE13432A33CDFB00B0AF91 /* CreatePostViewModel.swift */ = {isa = PBXFileReference; lastKnownFileType = sourcecode.swift; path = CreatePostViewModel.swift; sourceTree = "<group>"; };
		5FDFCA4029F5B3AC00E41A5F /* Coordinator.swift */ = {isa = PBXFileReference; lastKnownFileType = sourcecode.swift; path = Coordinator.swift; sourceTree = "<group>"; };
		5FF4DE992A159779002F16C3 /* CustomProfileLabel.swift */ = {isa = PBXFileReference; lastKnownFileType = sourcecode.swift; path = CustomProfileLabel.swift; sourceTree = "<group>"; };
		7E05FEFB5EC52FFA0886D0B1 /* Pods-App-Facebook-iOSUITests.debug.xcconfig */ = {isa = PBXFileReference; includeInIndex = 1; lastKnownFileType = text.xcconfig; name = "Pods-App-Facebook-iOSUITests.debug.xcconfig"; path = "Target Support Files/Pods-App-Facebook-iOSUITests/Pods-App-Facebook-iOSUITests.debug.xcconfig"; sourceTree = "<group>"; };
		835884B22417993333F3A885 /* Pods-App-Facebook-iOS.debug.xcconfig */ = {isa = PBXFileReference; includeInIndex = 1; lastKnownFileType = text.xcconfig; name = "Pods-App-Facebook-iOS.debug.xcconfig"; path = "Target Support Files/Pods-App-Facebook-iOS/Pods-App-Facebook-iOS.debug.xcconfig"; sourceTree = "<group>"; };
		A5A62398235DFA42D9783365 /* Pods-App-Facebook-iOSUITests.release.xcconfig */ = {isa = PBXFileReference; includeInIndex = 1; lastKnownFileType = text.xcconfig; name = "Pods-App-Facebook-iOSUITests.release.xcconfig"; path = "Target Support Files/Pods-App-Facebook-iOSUITests/Pods-App-Facebook-iOSUITests.release.xcconfig"; sourceTree = "<group>"; };
		C8EC75C8BC4E438309DF355C /* Pods-App-Facebook-iOSTests.debug.xcconfig */ = {isa = PBXFileReference; includeInIndex = 1; lastKnownFileType = text.xcconfig; name = "Pods-App-Facebook-iOSTests.debug.xcconfig"; path = "Target Support Files/Pods-App-Facebook-iOSTests/Pods-App-Facebook-iOSTests.debug.xcconfig"; sourceTree = "<group>"; };
		DC3A1A075D7C5B540D36784C /* Pods_App_Facebook_iOSTests.framework */ = {isa = PBXFileReference; explicitFileType = wrapper.framework; includeInIndex = 0; path = Pods_App_Facebook_iOSTests.framework; sourceTree = BUILT_PRODUCTS_DIR; };
		E3712D4409C66C44EF8F8F67 /* Pods_App_Facebook_iOSUITests.framework */ = {isa = PBXFileReference; explicitFileType = wrapper.framework; includeInIndex = 0; path = Pods_App_Facebook_iOSUITests.framework; sourceTree = BUILT_PRODUCTS_DIR; };
/* End PBXFileReference section */

/* Begin PBXFrameworksBuildPhase section */
		04D52D182809D7FC00D4C010 /* Frameworks */ = {
			isa = PBXFrameworksBuildPhase;
			buildActionMask = 2147483647;
			files = (
				61C181CCF1F7735CEDAB988D /* Pods_App_Facebook_iOS.framework in Frameworks */,
				5F14F1A029FB9BAD0079C0A4 /* FacebookCore in Frameworks */,
				5F14F1A429FB9BAD0079C0A4 /* FacebookShare in Frameworks */,
				5F14F1A229FB9BAD0079C0A4 /* FacebookLogin in Frameworks */,
				5FDCD6BC2A02F51300AA6E73 /* JGProgressHUD in Frameworks */,
			);
			runOnlyForDeploymentPostprocessing = 0;
		};
		04D52D2E2809D80B00D4C010 /* Frameworks */ = {
			isa = PBXFrameworksBuildPhase;
			buildActionMask = 2147483647;
			files = (
				DC0C2845F5CC992B49280B68 /* Pods_App_Facebook_iOSTests.framework in Frameworks */,
			);
			runOnlyForDeploymentPostprocessing = 0;
		};
		04D52D382809D80B00D4C010 /* Frameworks */ = {
			isa = PBXFrameworksBuildPhase;
			buildActionMask = 2147483647;
			files = (
				B032E04476ADF3C218F4B0A4 /* Pods_App_Facebook_iOSUITests.framework in Frameworks */,
			);
			runOnlyForDeploymentPostprocessing = 0;
		};
/* End PBXFrameworksBuildPhase section */

/* Begin PBXGroup section */
		047DC736281933DC00717EEC /* Fonts */ = {
			isa = PBXGroup;
			children = (
				5FD9239F29F98F6800633203 /* Roboto */,
				047DC73D2819357800717EEC /* Fonts_TODO.txt */,
				047DC7412819438C00717EEC /* UIFont+Extension.swift */,
				047DC743281943EA00717EEC /* Raleway */,
			);
			path = Fonts;
			sourceTree = "<group>";
		};
		047DC737281933E600717EEC /* Localization */ = {
			isa = PBXGroup;
			children = (
				047DC73B281934EB00717EEC /* Localization_TODO.txt */,
				5FD923AD29F9DC6500633203 /* Localizable.strings */,
			);
			path = Localization;
			sourceTree = "<group>";
		};
		047DC738281933F900717EEC /* Colors */ = {
			isa = PBXGroup;
			children = (
				047DC7392819341000717EEC /* Colors.xcassets */,
				047DC73F281935E500717EEC /* UIColor+Extension.swift */,
			);
			path = Colors;
			sourceTree = "<group>";
		};
		047DC743281943EA00717EEC /* Raleway */ = {
			isa = PBXGroup;
			children = (
				047DC744281943EA00717EEC /* Raleway-Medium.ttf */,
				047DC745281943EA00717EEC /* Raleway-Regular.ttf */,
				047DC746281943EA00717EEC /* Raleway-Bold.ttf */,
			);
			path = Raleway;
			sourceTree = "<group>";
		};
		04D52D122809D7FC00D4C010 = {
			isa = PBXGroup;
			children = (
				04D52D1D2809D7FC00D4C010 /* Facebook-iOS */,
				04D52D342809D80B00D4C010 /* Facebook-iOSTests */,
				04D52D3E2809D80B00D4C010 /* Facebook-iOSUITests */,
				04D52D1C2809D7FC00D4C010 /* Products */,
				DD8C5EFA294DB0B0AEC22A02 /* Pods */,
				05ABF53A7D0DD553DAC52251 /* Frameworks */,
			);
			sourceTree = "<group>";
		};
		04D52D1C2809D7FC00D4C010 /* Products */ = {
			isa = PBXGroup;
			children = (
				04D52D1B2809D7FC00D4C010 /* Facebook-iOS.app */,
				04D52D312809D80B00D4C010 /* Facebook-iOSTests.xctest */,
				04D52D3B2809D80B00D4C010 /* Facebook-iOSUITests.xctest */,
			);
			name = Products;
			sourceTree = "<group>";
		};
		04D52D1D2809D7FC00D4C010 /* Facebook-iOS */ = {
			isa = PBXGroup;
			children = (
				5F14F1A529FB9EEA0079C0A4 /* Facebook-iOS.entitlements */,
				04D52D6D2809F61F00D4C010 /* Protocols */,
				04D52D6A2809F5A100D4C010 /* Services */,
				04D52D632809F50B00D4C010 /* Extensions */,
				04D52D602809F4B800D4C010 /* CoreUI */,
				04D52D5D2809F45800D4C010 /* DataModels */,
				04D52D572809EFED00D4C010 /* Resources */,
				04D52D552809EFCE00D4C010 /* BundleFiles */,
				04D52D522809EFAD00D4C010 /* Application */,
				04D52D5A2809F03400D4C010 /* UserStory */,
			);
			path = "Facebook-iOS";
			sourceTree = "<group>";
		};
		04D52D342809D80B00D4C010 /* Facebook-iOSTests */ = {
			isa = PBXGroup;
			children = (
				04D52D352809D80B00D4C010 /* FacebookiOSTests.swift */,
			);
			path = "Facebook-iOSTests";
			sourceTree = "<group>";
		};
		04D52D3E2809D80B00D4C010 /* Facebook-iOSUITests */ = {
			isa = PBXGroup;
			children = (
				04D52D3F2809D80B00D4C010 /* FacebookiOSUITests.swift */,
				04D52D412809D80B00D4C010 /* Facebook_iOSUITestsLaunchTests.swift */,
			);
			path = "Facebook-iOSUITests";
			sourceTree = "<group>";
		};
		04D52D522809EFAD00D4C010 /* Application */ = {
			isa = PBXGroup;
			children = (
				04D52D542809EFC000D4C010 /* SceneDelegate */,
				04D52D532809EFB400D4C010 /* AppDelegate */,
			);
			path = Application;
			sourceTree = "<group>";
		};
		04D52D532809EFB400D4C010 /* AppDelegate */ = {
			isa = PBXGroup;
			children = (
				04D52D1E2809D7FC00D4C010 /* AppDelegate.swift */,
			);
			path = AppDelegate;
			sourceTree = "<group>";
		};
		04D52D542809EFC000D4C010 /* SceneDelegate */ = {
			isa = PBXGroup;
			children = (
				04D52D202809D7FC00D4C010 /* SceneDelegate.swift */,
			);
			path = SceneDelegate;
			sourceTree = "<group>";
		};
		04D52D552809EFCE00D4C010 /* BundleFiles */ = {
			isa = PBXGroup;
			children = (
				04D52D562809EFD600D4C010 /* Plist */,
			);
			path = BundleFiles;
			sourceTree = "<group>";
		};
		04D52D562809EFD600D4C010 /* Plist */ = {
			isa = PBXGroup;
			children = (
				04D52D2C2809D80B00D4C010 /* Info.plist */,
			);
			path = Plist;
			sourceTree = "<group>";
		};
		04D52D572809EFED00D4C010 /* Resources */ = {
			isa = PBXGroup;
			children = (
				047DC738281933F900717EEC /* Colors */,
				047DC737281933E600717EEC /* Localization */,
				047DC736281933DC00717EEC /* Fonts */,
				04D52D592809F00600D4C010 /* LaunchScreen */,
				04D52D582809EFF900D4C010 /* Images */,
			);
			path = Resources;
			sourceTree = "<group>";
		};
		04D52D582809EFF900D4C010 /* Images */ = {
			isa = PBXGroup;
			children = (
				04D52D272809D80B00D4C010 /* Assets.xcassets */,
				04D52D5B2809F14600D4C010 /* Images.xcassets */,
				5FDB34222A0479480067A320 /* ImagesConstants.swift */,
			);
			path = Images;
			sourceTree = "<group>";
		};
		04D52D592809F00600D4C010 /* LaunchScreen */ = {
			isa = PBXGroup;
			children = (
				04D52D292809D80B00D4C010 /* LaunchScreen.storyboard */,
			);
			path = LaunchScreen;
			sourceTree = "<group>";
		};
		04D52D5A2809F03400D4C010 /* UserStory */ = {
			isa = PBXGroup;
			children = (
				5FDB34172A0434A50067A320 /* Main */,
				5FDD790829FAE64600CE9C1C /* SignIn */,
				5FDCD6B62A02F28A00AA6E73 /* BaseViewController.swift */,
			);
			path = UserStory;
			sourceTree = "<group>";
		};
		04D52D5D2809F45800D4C010 /* DataModels */ = {
			isa = PBXGroup;
			children = (
				5FD175D22A0B6181008C5A4B /* Networking */,
				04D52D5E2809F48600D4C010 /* DataModels_TODO.txt */,
			);
			path = DataModels;
			sourceTree = "<group>";
		};
		04D52D602809F4B800D4C010 /* CoreUI */ = {
			isa = PBXGroup;
			children = (
				04D52D612809F4C400D4C010 /* CoreUI_TODO.txt */,
			);
			path = CoreUI;
			sourceTree = "<group>";
		};
		04D52D632809F50B00D4C010 /* Extensions */ = {
			isa = PBXGroup;
			children = (
				04D52D652809F51D00D4C010 /* UIKit */,
				04D52D642809F51500D4C010 /* Foundation */,
			);
			path = Extensions;
			sourceTree = "<group>";
		};
		04D52D642809F51500D4C010 /* Foundation */ = {
			isa = PBXGroup;
			children = (
				04D52D662809F52F00D4C010 /* Foundation_Extensions_TODO.txt */,
				5F30BE402A12EF3E00BF3F0B /* UIImage+DownloadImage.swift */,
				5FC575662A24865C0030EEC3 /* Date+ISO8601Formatting.swift */,
			);
			path = Foundation;
			sourceTree = "<group>";
		};
		04D52D652809F51D00D4C010 /* UIKit */ = {
			isa = PBXGroup;
			children = (
				04D52D682809F55800D4C010 /* UIKit_Extensions_TODO.txt */,
				5FD923A429F99AF000633203 /* UIColor+Hex.swift */,
				5F8DEB732A0DA500002B8835 /* UIView+Padding.swift */,
				5FC291822A38D4B5003DDB58 /* UITextView+DoneButton.swift */,
				5F8E811F2A391ABC00787032 /* UIButton+Highlight.swift */,
			);
			path = UIKit;
			sourceTree = "<group>";
		};
		04D52D6A2809F5A100D4C010 /* Services */ = {
			isa = PBXGroup;
			children = (
				5FCF14DC2A3B50A000E5CDDD /* Camera */,
				5FCAD85B2A16C56100E2B0E0 /* Networking */,
				5FD939552A05764800AD2823 /* Keychain */,
				04D52D6B2809F5B900D4C010 /* Services_TODO.txt */,
				5FCAD85C2A16C57600E2B0E0 /* Auth Service */,
			);
			path = Services;
			sourceTree = "<group>";
		};
		04D52D6D2809F61F00D4C010 /* Protocols */ = {
			isa = PBXGroup;
			children = (
				04D52D6E2809F62900D4C010 /* Protocols_TODO.txt */,
				5FDB34142A0419D30067A320 /* Coordinator */,
				5FDCD6B82A02F2DF00AA6E73 /* ProgressHUDProtocol.swift */,
				5FAFC6AF2A37D10A00097F02 /* GenericNetworkServiceProtocol.swift */,
			);
			path = Protocols;
			sourceTree = "<group>";
		};
		05ABF53A7D0DD553DAC52251 /* Frameworks */ = {
			isa = PBXGroup;
			children = (
				03B0769E5513789A098B1E06 /* Pods_App_Facebook_iOS.framework */,
				DC3A1A075D7C5B540D36784C /* Pods_App_Facebook_iOSTests.framework */,
				E3712D4409C66C44EF8F8F67 /* Pods_App_Facebook_iOSUITests.framework */,
			);
			name = Frameworks;
			sourceTree = "<group>";
		};
		5FC291842A38E06A003DDB58 /* Cells */ = {
			isa = PBXGroup;
			children = (
				5FC291852A38E0BB003DDB58 /* PhotoCollectionViewCell.swift */,
				5FB6AD082A609C9400B69B4F /* PhotoCollectionViewDataSource.swift */,
				5F7ED8C02A67416A00339CD5 /* PhotoCollectionViewCellViewModel.swift */,
			);
			path = Cells;
			sourceTree = "<group>";
		};
		5FC6BFB12A0CC2A400C157DA /* Subviews */ = {
			isa = PBXGroup;
			children = (
				5F8DEB712A0D8DBF002B8835 /* CustomImageView.swift */,
				5FB901B42A1583CA00F184EA /* CustomProfileButtons.swift */,
				5FF4DE992A159779002F16C3 /* CustomProfileLabel.swift */,
			);
			path = Subviews;
			sourceTree = "<group>";
		};
		5FC6BFB22A0CC2B900C157DA /* Views */ = {
			isa = PBXGroup;
			children = (
				5FDE133C2A33910400B0AF91 /* CreatePost */,
				5FC6BFB12A0CC2A400C157DA /* Subviews */,
				5FC6BFB32A0CC2EF00C157DA /* ProfileView.swift */,
			);
			path = Views;
			sourceTree = "<group>";
		};
		5FC6C84B2A1744B400DC8D84 /* Cells */ = {
			isa = PBXGroup;
			children = (
				5FC6C84C2A1744D900DC8D84 /* FeedTableViewCell.swift */,
				5FB7CC622A1BD61E0052209B /* ImageSliderCollectionViewCell.swift */,
				5FC575642A2471470030EEC3 /* FeedTableViewCellViewModel.swift */,
				5FDCCEF32A2550D600A7EE54 /* CarouselCellViewModel.swift */,
			);
			path = Cells;
			sourceTree = "<group>";
		};
		5FCAD85B2A16C56100E2B0E0 /* Networking */ = {
			isa = PBXGroup;
			children = (
				5FCAD8632A16C69300E2B0E0 /* Errors */,
				5FCAD85E2A16C5B300E2B0E0 /* Feed */,
				5FDD99302A0BFE660091285C /* User Profile */,
			);
			path = Networking;
			sourceTree = "<group>";
		};
		5FCAD85C2A16C57600E2B0E0 /* Auth Service */ = {
			isa = PBXGroup;
			children = (
				5FD0217729FC222D003AC04E /* FacebookAuthService.swift */,
				5FD0217929FC224A003AC04E /* FacebookAuthServiceProtocol.swift */,
			);
			path = "Auth Service";
			sourceTree = "<group>";
		};
		5FCAD85E2A16C5B300E2B0E0 /* Feed */ = {
			isa = PBXGroup;
			children = (
				5FCAD85F2A16C5C100E2B0E0 /* FeedNetworkService.swift */,
				5FCAD8612A16C61F00E2B0E0 /* FeedNetworkServiceProtocol.swift */,
			);
			path = Feed;
			sourceTree = "<group>";
		};
		5FCAD8632A16C69300E2B0E0 /* Errors */ = {
			isa = PBXGroup;
			children = (
				5FCAD8642A16C6A800E2B0E0 /* NetworkServiceErrors.swift */,
			);
			path = Errors;
			sourceTree = "<group>";
		};
		5FCF14DC2A3B50A000E5CDDD /* Camera */ = {
			isa = PBXGroup;
			children = (
				5FCF14E32A3BDC7E00E5CDDD /* Errors */,
				5FCF14DD2A3B50CE00E5CDDD /* PhotoPickerService.swift */,
				5FCF14E12A3B9CA700E5CDDD /* PhotoPickerServiceProtocol.swift */,
			);
			path = Camera;
			sourceTree = "<group>";
		};
		5FCF14E32A3BDC7E00E5CDDD /* Errors */ = {
			isa = PBXGroup;
			children = (
				5FCF14E42A3BDC9400E5CDDD /* PhotoPickerServiceErrors.swift */,
			);
			path = Errors;
			sourceTree = "<group>";
		};
		5FD175D22A0B6181008C5A4B /* Networking */ = {
			isa = PBXGroup;
			children = (
				5FD175D32A0B6225008C5A4B /* Response */,
			);
			path = Networking;
			sourceTree = "<group>";
		};
		5FD175D32A0B6225008C5A4B /* Response */ = {
			isa = PBXGroup;
			children = (
				5FD175D42A0B6323008C5A4B /* UserProfileData.swift */,
				5FCAD8592A16B8B300E2B0E0 /* FeedData.swift */,
			);
			path = Response;
			sourceTree = "<group>";
		};
		5FD5349C2A1D36440064C950 /* Views */ = {
			isa = PBXGroup;
			children = (
				5FD5349D2A1D365D0064C950 /* FeedView.swift */,
			);
			path = Views;
			sourceTree = "<group>";
		};
		5FD9239F29F98F6800633203 /* Roboto */ = {
			isa = PBXGroup;
			children = (
				5FDBDDD82A12C94C00CA4B8D /* Roboto-Regular.ttf */,
				5FDBDDD62A12C2DC00CA4B8D /* Roboto-Bold.ttf */,
				5FD923A229F9913500633203 /* Roboto-BoldItalic.ttf */,
				5FD923A029F98F8700633203 /* Roboto-MediumItalic.ttf */,
				5FC6C8512A17537100DC8D84 /* Roboto-Medium.ttf */,
			);
			path = Roboto;
			sourceTree = "<group>";
		};
		5FD939552A05764800AD2823 /* Keychain */ = {
			isa = PBXGroup;
			children = (
				5FD939562A05766300AD2823 /* KeychainService.swift */,
				5FD6CE952A09693800FA785C /* KeyChainServiceProtocol.swift */,
				5FD6CE972A0969F200FA785C /* KeychainServiceError.swift */,
			);
			path = Keychain;
			sourceTree = "<group>";
		};
		5FDB34142A0419D30067A320 /* Coordinator */ = {
			isa = PBXGroup;
			children = (
				5FDFCA4029F5B3AC00E41A5F /* Coordinator.swift */,
				5FD7F9A229F878A800DD2AF1 /* AppCoordinator.swift */,
				5FDB34152A041A020067A320 /* SignInCoordinator.swift */,
				5FDB341A2A0436700067A320 /* TabBarCoordinator.swift */,
				5F76A2512A09A92400349063 /* FeedCoordinator.swift */,
				5F76A2532A09A93200349063 /* ProfileCoordinator.swift */,
				5FDE13412A33A67600B0AF91 /* CreatePostCoordinator.swift */,
			);
			path = Coordinator;
			sourceTree = "<group>";
		};
		5FDB34172A0434A50067A320 /* Main */ = {
			isa = PBXGroup;
			children = (
				5FDB341D2A04669C0067A320 /* Profile */,
				5FDB341C2A04668F0067A320 /* Feed */,
				5FDB34182A04350D0067A320 /* TabBarOptions.swift */,
			);
			path = Main;
			sourceTree = "<group>";
		};
		5FDB341C2A04668F0067A320 /* Feed */ = {
			isa = PBXGroup;
			children = (
				5FD5349C2A1D36440064C950 /* Views */,
				5FC6C84B2A1744B400DC8D84 /* Cells */,
				5FDB34202A0466C00067A320 /* FeedViewController.swift */,
				5F76A2552A09A96C00349063 /* FeedViewModel.swift */,
			);
			path = Feed;
			sourceTree = "<group>";
		};
		5FDB341D2A04669C0067A320 /* Profile */ = {
			isa = PBXGroup;
			children = (
				5FC6BFB22A0CC2B900C157DA /* Views */,
				5FDB341E2A0466AE0067A320 /* ProfileViewController.swift */,
				5F76A2572A09A98700349063 /* ProfileViewModel.swift */,
			);
			path = Profile;
			sourceTree = "<group>";
		};
		5FDD790829FAE64600CE9C1C /* SignIn */ = {
			isa = PBXGroup;
			children = (
				04D52D222809D7FC00D4C010 /* SignInViewController.swift */,
				5FD7019C29F8F7BB00C81E85 /* SignInViewModel.swift */,
				5FD923A629F9A44600633203 /* SignInView.swift */,
			);
			path = SignIn;
			sourceTree = "<group>";
		};
		5FDD99302A0BFE660091285C /* User Profile */ = {
			isa = PBXGroup;
			children = (
				5FDD99312A0BFE8E0091285C /* ProfileNetworkService.swift */,
				5FDD99332A0BFEB70091285C /* ProfileNetworkServiceProtocol.swift */,
			);
			path = "User Profile";
			sourceTree = "<group>";
		};
		5FDE133C2A33910400B0AF91 /* CreatePost */ = {
			isa = PBXGroup;
			children = (
				5FC291842A38E06A003DDB58 /* Cells */,
				5FDE133D2A33915800B0AF91 /* CreatePostView.swift */,
				5FDE133F2A33A36700B0AF91 /* CreatePostViewController.swift */,
				5FDE13432A33CDFB00B0AF91 /* CreatePostViewModel.swift */,
				5F8E81212A3A248300787032 /* CreatePostDataViewModel.swift */,
			);
			path = CreatePost;
			sourceTree = "<group>";
		};
		DD8C5EFA294DB0B0AEC22A02 /* Pods */ = {
			isa = PBXGroup;
			children = (
				835884B22417993333F3A885 /* Pods-App-Facebook-iOS.debug.xcconfig */,
				15A5B658A64061E412B41C2E /* Pods-App-Facebook-iOS.release.xcconfig */,
				C8EC75C8BC4E438309DF355C /* Pods-App-Facebook-iOSTests.debug.xcconfig */,
				30D6BA4859E3C0D7A3A15332 /* Pods-App-Facebook-iOSTests.release.xcconfig */,
				7E05FEFB5EC52FFA0886D0B1 /* Pods-App-Facebook-iOSUITests.debug.xcconfig */,
				A5A62398235DFA42D9783365 /* Pods-App-Facebook-iOSUITests.release.xcconfig */,
			);
			path = Pods;
			sourceTree = "<group>";
		};
/* End PBXGroup section */

/* Begin PBXNativeTarget section */
		04D52D1A2809D7FC00D4C010 /* Facebook-iOS */ = {
			isa = PBXNativeTarget;
			buildConfigurationList = 04D52D452809D80B00D4C010 /* Build configuration list for PBXNativeTarget "Facebook-iOS" */;
			buildPhases = (
				BC2D26A002DB452835CE4408 /* [CP] Check Pods Manifest.lock */,
				04D52D4F2809EC4400D4C010 /* Swift Lint */,
				04D52D172809D7FC00D4C010 /* Sources */,
				04D52D182809D7FC00D4C010 /* Frameworks */,
				04D52D192809D7FC00D4C010 /* Resources */,
				D1D0681A5897599DD45C93E0 /* [CP] Embed Pods Frameworks */,
			);
			buildRules = (
			);
			dependencies = (
			);
			name = "Facebook-iOS";
			packageProductDependencies = (
				5F14F19F29FB9BAD0079C0A4 /* FacebookCore */,
				5F14F1A129FB9BAD0079C0A4 /* FacebookLogin */,
				5F14F1A329FB9BAD0079C0A4 /* FacebookShare */,
				5FDCD6BB2A02F51300AA6E73 /* JGProgressHUD */,
			);
			productName = "Facebook-iOS";
			productReference = 04D52D1B2809D7FC00D4C010 /* Facebook-iOS.app */;
			productType = "com.apple.product-type.application";
		};
		04D52D302809D80B00D4C010 /* Facebook-iOSTests */ = {
			isa = PBXNativeTarget;
			buildConfigurationList = 04D52D482809D80B00D4C010 /* Build configuration list for PBXNativeTarget "Facebook-iOSTests" */;
			buildPhases = (
				D1786199C3163641F76BBD7C /* [CP] Check Pods Manifest.lock */,
				04D52D502809EC7D00D4C010 /* Swift Lint */,
				04D52D2D2809D80B00D4C010 /* Sources */,
				04D52D2E2809D80B00D4C010 /* Frameworks */,
				04D52D2F2809D80B00D4C010 /* Resources */,
				795AFD8CC7492E9021724A64 /* [CP] Embed Pods Frameworks */,
			);
			buildRules = (
			);
			dependencies = (
				04D52D332809D80B00D4C010 /* PBXTargetDependency */,
			);
			name = "Facebook-iOSTests";
			productName = "Facebook-iOSTests";
			productReference = 04D52D312809D80B00D4C010 /* Facebook-iOSTests.xctest */;
			productType = "com.apple.product-type.bundle.unit-test";
		};
		04D52D3A2809D80B00D4C010 /* Facebook-iOSUITests */ = {
			isa = PBXNativeTarget;
			buildConfigurationList = 04D52D4B2809D80B00D4C010 /* Build configuration list for PBXNativeTarget "Facebook-iOSUITests" */;
			buildPhases = (
				6ABFF6AB2F9EF7CC017F1453 /* [CP] Check Pods Manifest.lock */,
				04D52D512809EC9000D4C010 /* Swift Lint */,
				04D52D372809D80B00D4C010 /* Sources */,
				04D52D382809D80B00D4C010 /* Frameworks */,
				04D52D392809D80B00D4C010 /* Resources */,
				B5C8474F6D3C463C1557EFC3 /* [CP] Embed Pods Frameworks */,
			);
			buildRules = (
			);
			dependencies = (
				04D52D3D2809D80B00D4C010 /* PBXTargetDependency */,
			);
			name = "Facebook-iOSUITests";
			productName = "Facebook-iOSUITests";
			productReference = 04D52D3B2809D80B00D4C010 /* Facebook-iOSUITests.xctest */;
			productType = "com.apple.product-type.bundle.ui-testing";
		};
/* End PBXNativeTarget section */

/* Begin PBXProject section */
		04D52D132809D7FC00D4C010 /* Project object */ = {
			isa = PBXProject;
			attributes = {
				BuildIndependentTargetsInParallel = 1;
				LastSwiftUpdateCheck = 1330;
				LastUpgradeCheck = 1330;
				TargetAttributes = {
					04D52D1A2809D7FC00D4C010 = {
						CreatedOnToolsVersion = 13.3;
						LastSwiftMigration = 1420;
					};
					04D52D302809D80B00D4C010 = {
						CreatedOnToolsVersion = 13.3;
						TestTargetID = 04D52D1A2809D7FC00D4C010;
					};
					04D52D3A2809D80B00D4C010 = {
						CreatedOnToolsVersion = 13.3;
						TestTargetID = 04D52D1A2809D7FC00D4C010;
					};
				};
			};
			buildConfigurationList = 04D52D162809D7FC00D4C010 /* Build configuration list for PBXProject "Facebook-iOS" */;
			compatibilityVersion = "Xcode 13.0";
			developmentRegion = en;
			hasScannedForEncodings = 0;
			knownRegions = (
				en,
				Base,
				es,
			);
			mainGroup = 04D52D122809D7FC00D4C010;
			packageReferences = (
				5F14F19E29FB9BAD0079C0A4 /* XCRemoteSwiftPackageReference "facebook-ios-sdk" */,
				5FDCD6BA2A02F51300AA6E73 /* XCRemoteSwiftPackageReference "JGProgressHUD" */,
			);
			productRefGroup = 04D52D1C2809D7FC00D4C010 /* Products */;
			projectDirPath = "";
			projectRoot = "";
			targets = (
				04D52D1A2809D7FC00D4C010 /* Facebook-iOS */,
				04D52D302809D80B00D4C010 /* Facebook-iOSTests */,
				04D52D3A2809D80B00D4C010 /* Facebook-iOSUITests */,
			);
		};
/* End PBXProject section */

/* Begin PBXResourcesBuildPhase section */
		04D52D192809D7FC00D4C010 /* Resources */ = {
			isa = PBXResourcesBuildPhase;
			buildActionMask = 2147483647;
			files = (
				5FD923A329F9913500633203 /* Roboto-BoldItalic.ttf in Resources */,
				5FD923A129F98F8700633203 /* Roboto-MediumItalic.ttf in Resources */,
				5FDBDDD72A12C2DC00CA4B8D /* Roboto-Bold.ttf in Resources */,
				04D52D622809F4C400D4C010 /* CoreUI_TODO.txt in Resources */,
				047DC747281943EA00717EEC /* Raleway-Medium.ttf in Resources */,
				04D52D5F2809F48600D4C010 /* DataModels_TODO.txt in Resources */,
				047DC748281943EA00717EEC /* Raleway-Regular.ttf in Resources */,
				04D52D672809F52F00D4C010 /* Foundation_Extensions_TODO.txt in Resources */,
				5FC6C8522A17537100DC8D84 /* Roboto-Medium.ttf in Resources */,
				047DC73E2819357800717EEC /* Fonts_TODO.txt in Resources */,
				04D52D2B2809D80B00D4C010 /* LaunchScreen.storyboard in Resources */,
				04D52D6C2809F5B900D4C010 /* Services_TODO.txt in Resources */,
				047DC73C281934EB00717EEC /* Localization_TODO.txt in Resources */,
				047DC73A2819341000717EEC /* Colors.xcassets in Resources */,
				04D52D6F2809F62900D4C010 /* Protocols_TODO.txt in Resources */,
				5FDBDDD92A12C94C00CA4B8D /* Roboto-Regular.ttf in Resources */,
				04D52D692809F55800D4C010 /* UIKit_Extensions_TODO.txt in Resources */,
				04D52D5C2809F14600D4C010 /* Images.xcassets in Resources */,
				5FD923AB29F9DC6500633203 /* Localizable.strings in Resources */,
				047DC749281943EA00717EEC /* Raleway-Bold.ttf in Resources */,
				04D52D282809D80B00D4C010 /* Assets.xcassets in Resources */,
			);
			runOnlyForDeploymentPostprocessing = 0;
		};
		04D52D2F2809D80B00D4C010 /* Resources */ = {
			isa = PBXResourcesBuildPhase;
			buildActionMask = 2147483647;
			files = (
			);
			runOnlyForDeploymentPostprocessing = 0;
		};
		04D52D392809D80B00D4C010 /* Resources */ = {
			isa = PBXResourcesBuildPhase;
			buildActionMask = 2147483647;
			files = (
			);
			runOnlyForDeploymentPostprocessing = 0;
		};
/* End PBXResourcesBuildPhase section */

/* Begin PBXShellScriptBuildPhase section */
		04D52D4F2809EC4400D4C010 /* Swift Lint */ = {
			isa = PBXShellScriptBuildPhase;
			alwaysOutOfDate = 1;
			buildActionMask = 2147483647;
			files = (
			);
			inputFileListPaths = (
			);
			inputPaths = (
			);
			name = "Swift Lint";
			outputFileListPaths = (
			);
			outputPaths = (
			);
			runOnlyForDeploymentPostprocessing = 0;
			shellPath = /bin/sh;
			shellScript = "\"${PODS_ROOT}/SwiftLint/swiftlint\"\n";
		};
		04D52D502809EC7D00D4C010 /* Swift Lint */ = {
			isa = PBXShellScriptBuildPhase;
			buildActionMask = 2147483647;
			files = (
			);
			inputFileListPaths = (
			);
			inputPaths = (
			);
			name = "Swift Lint";
			outputFileListPaths = (
			);
			outputPaths = (
			);
			runOnlyForDeploymentPostprocessing = 0;
			shellPath = /bin/sh;
			shellScript = "\"${PODS_ROOT}/SwiftLint/swiftlint\"\n";
		};
		04D52D512809EC9000D4C010 /* Swift Lint */ = {
			isa = PBXShellScriptBuildPhase;
			buildActionMask = 2147483647;
			files = (
			);
			inputFileListPaths = (
			);
			inputPaths = (
			);
			name = "Swift Lint";
			outputFileListPaths = (
			);
			outputPaths = (
			);
			runOnlyForDeploymentPostprocessing = 0;
			shellPath = /bin/sh;
			shellScript = "\"${PODS_ROOT}/SwiftLint/swiftlint\"\n";
		};
		6ABFF6AB2F9EF7CC017F1453 /* [CP] Check Pods Manifest.lock */ = {
			isa = PBXShellScriptBuildPhase;
			buildActionMask = 2147483647;
			files = (
			);
			inputFileListPaths = (
			);
			inputPaths = (
				"${PODS_PODFILE_DIR_PATH}/Podfile.lock",
				"${PODS_ROOT}/Manifest.lock",
			);
			name = "[CP] Check Pods Manifest.lock";
			outputFileListPaths = (
			);
			outputPaths = (
				"$(DERIVED_FILE_DIR)/Pods-App-Facebook-iOSUITests-checkManifestLockResult.txt",
			);
			runOnlyForDeploymentPostprocessing = 0;
			shellPath = /bin/sh;
			shellScript = "diff \"${PODS_PODFILE_DIR_PATH}/Podfile.lock\" \"${PODS_ROOT}/Manifest.lock\" > /dev/null\nif [ $? != 0 ] ; then\n    # print error to STDERR\n    echo \"error: The sandbox is not in sync with the Podfile.lock. Run 'pod install' or update your CocoaPods installation.\" >&2\n    exit 1\nfi\n# This output is used by Xcode 'outputs' to avoid re-running this script phase.\necho \"SUCCESS\" > \"${SCRIPT_OUTPUT_FILE_0}\"\n";
			showEnvVarsInLog = 0;
		};
		795AFD8CC7492E9021724A64 /* [CP] Embed Pods Frameworks */ = {
			isa = PBXShellScriptBuildPhase;
			buildActionMask = 2147483647;
			files = (
			);
			inputFileListPaths = (
			);
			name = "[CP] Embed Pods Frameworks";
			outputFileListPaths = (
			);
			runOnlyForDeploymentPostprocessing = 0;
			shellPath = /bin/sh;
			shellScript = "\"${PODS_ROOT}/Target Support Files/Pods-App-Facebook-iOSTests/Pods-App-Facebook-iOSTests-frameworks.sh\"\n";
			showEnvVarsInLog = 0;
		};
		B5C8474F6D3C463C1557EFC3 /* [CP] Embed Pods Frameworks */ = {
			isa = PBXShellScriptBuildPhase;
			buildActionMask = 2147483647;
			files = (
			);
			inputFileListPaths = (
			);
			name = "[CP] Embed Pods Frameworks";
			outputFileListPaths = (
			);
			runOnlyForDeploymentPostprocessing = 0;
			shellPath = /bin/sh;
			shellScript = "\"${PODS_ROOT}/Target Support Files/Pods-App-Facebook-iOSUITests/Pods-App-Facebook-iOSUITests-frameworks.sh\"\n";
			showEnvVarsInLog = 0;
		};
		BC2D26A002DB452835CE4408 /* [CP] Check Pods Manifest.lock */ = {
			isa = PBXShellScriptBuildPhase;
			buildActionMask = 2147483647;
			files = (
			);
			inputFileListPaths = (
			);
			inputPaths = (
				"${PODS_PODFILE_DIR_PATH}/Podfile.lock",
				"${PODS_ROOT}/Manifest.lock",
			);
			name = "[CP] Check Pods Manifest.lock";
			outputFileListPaths = (
			);
			outputPaths = (
				"$(DERIVED_FILE_DIR)/Pods-App-Facebook-iOS-checkManifestLockResult.txt",
			);
			runOnlyForDeploymentPostprocessing = 0;
			shellPath = /bin/sh;
			shellScript = "diff \"${PODS_PODFILE_DIR_PATH}/Podfile.lock\" \"${PODS_ROOT}/Manifest.lock\" > /dev/null\nif [ $? != 0 ] ; then\n    # print error to STDERR\n    echo \"error: The sandbox is not in sync with the Podfile.lock. Run 'pod install' or update your CocoaPods installation.\" >&2\n    exit 1\nfi\n# This output is used by Xcode 'outputs' to avoid re-running this script phase.\necho \"SUCCESS\" > \"${SCRIPT_OUTPUT_FILE_0}\"\n";
			showEnvVarsInLog = 0;
		};
		D1786199C3163641F76BBD7C /* [CP] Check Pods Manifest.lock */ = {
			isa = PBXShellScriptBuildPhase;
			buildActionMask = 2147483647;
			files = (
			);
			inputFileListPaths = (
			);
			inputPaths = (
				"${PODS_PODFILE_DIR_PATH}/Podfile.lock",
				"${PODS_ROOT}/Manifest.lock",
			);
			name = "[CP] Check Pods Manifest.lock";
			outputFileListPaths = (
			);
			outputPaths = (
				"$(DERIVED_FILE_DIR)/Pods-App-Facebook-iOSTests-checkManifestLockResult.txt",
			);
			runOnlyForDeploymentPostprocessing = 0;
			shellPath = /bin/sh;
			shellScript = "diff \"${PODS_PODFILE_DIR_PATH}/Podfile.lock\" \"${PODS_ROOT}/Manifest.lock\" > /dev/null\nif [ $? != 0 ] ; then\n    # print error to STDERR\n    echo \"error: The sandbox is not in sync with the Podfile.lock. Run 'pod install' or update your CocoaPods installation.\" >&2\n    exit 1\nfi\n# This output is used by Xcode 'outputs' to avoid re-running this script phase.\necho \"SUCCESS\" > \"${SCRIPT_OUTPUT_FILE_0}\"\n";
			showEnvVarsInLog = 0;
		};
		D1D0681A5897599DD45C93E0 /* [CP] Embed Pods Frameworks */ = {
			isa = PBXShellScriptBuildPhase;
			alwaysOutOfDate = 1;
			buildActionMask = 2147483647;
			files = (
			);
			inputFileListPaths = (
			);
			name = "[CP] Embed Pods Frameworks";
			outputFileListPaths = (
			);
			runOnlyForDeploymentPostprocessing = 0;
			shellPath = /bin/sh;
			shellScript = "\"${PODS_ROOT}/Target Support Files/Pods-App-Facebook-iOS/Pods-App-Facebook-iOS-frameworks.sh\"\n";
			showEnvVarsInLog = 0;
		};
/* End PBXShellScriptBuildPhase section */

/* Begin PBXSourcesBuildPhase section */
		04D52D172809D7FC00D4C010 /* Sources */ = {
			isa = PBXSourcesBuildPhase;
			buildActionMask = 2147483647;
			files = (
				5FDCD6B72A02F28A00AA6E73 /* BaseViewController.swift in Sources */,
				5FD6CE982A0969F200FA785C /* KeychainServiceError.swift in Sources */,
				5FDD99342A0BFEB70091285C /* ProfileNetworkServiceProtocol.swift in Sources */,
				5FAFC6B02A37D10A00097F02 /* GenericNetworkServiceProtocol.swift in Sources */,
				04D52D232809D7FC00D4C010 /* SignInViewController.swift in Sources */,
				5F76A2582A09A98700349063 /* ProfileViewModel.swift in Sources */,
				5FCAD8652A16C6A800E2B0E0 /* NetworkServiceErrors.swift in Sources */,
				5FDE13422A33A67600B0AF91 /* CreatePostCoordinator.swift in Sources */,
				5F8E81202A391ABC00787032 /* UIButton+Highlight.swift in Sources */,
				5F76A2542A09A93200349063 /* ProfileCoordinator.swift in Sources */,
				5FDE13442A33CDFB00B0AF91 /* CreatePostViewModel.swift in Sources */,
				5FCAD85A2A16B8B300E2B0E0 /* FeedData.swift in Sources */,
				5FCAD8622A16C61F00E2B0E0 /* FeedNetworkServiceProtocol.swift in Sources */,
				5FDD99322A0BFE8E0091285C /* ProfileNetworkService.swift in Sources */,
				5FDCD6B92A02F2DF00AA6E73 /* ProgressHUDProtocol.swift in Sources */,
				04D52D1F2809D7FC00D4C010 /* AppDelegate.swift in Sources */,
				5FDCCEF42A2550D600A7EE54 /* CarouselCellViewModel.swift in Sources */,
				5FC291862A38E0BB003DDB58 /* PhotoCollectionViewCell.swift in Sources */,
				5F8DEB722A0D8DBF002B8835 /* CustomImageView.swift in Sources */,
				5FDB34212A0466C00067A320 /* FeedViewController.swift in Sources */,
				5FCF14DE2A3B50CE00E5CDDD /* PhotoPickerService.swift in Sources */,
				5FDB34162A041A020067A320 /* SignInCoordinator.swift in Sources */,
				5FDB341B2A0436700067A320 /* TabBarCoordinator.swift in Sources */,
				5FD6CE962A09693800FA785C /* KeyChainServiceProtocol.swift in Sources */,
				5FCAD8602A16C5C100E2B0E0 /* FeedNetworkService.swift in Sources */,
				5FDE133E2A33915800B0AF91 /* CreatePostView.swift in Sources */,
				5FDB341F2A0466AE0067A320 /* ProfileViewController.swift in Sources */,
				5FDE13402A33A36700B0AF91 /* CreatePostViewController.swift in Sources */,
				5FDFCA4129F5B3AC00E41A5F /* Coordinator.swift in Sources */,
				5F76A2562A09A96C00349063 /* FeedViewModel.swift in Sources */,
				5FD939572A05766300AD2823 /* KeychainService.swift in Sources */,
				5FDB34192A04350D0067A320 /* TabBarOptions.swift in Sources */,
				5FC6BFB42A0CC2EF00C157DA /* ProfileView.swift in Sources */,
				04D52D212809D7FC00D4C010 /* SceneDelegate.swift in Sources */,
				5FD923A729F9A44600633203 /* SignInView.swift in Sources */,
				5FD0217A29FC224A003AC04E /* FacebookAuthServiceProtocol.swift in Sources */,
				5FD5349E2A1D365D0064C950 /* FeedView.swift in Sources */,
				5F76A2522A09A92400349063 /* FeedCoordinator.swift in Sources */,
				5FC575672A24865C0030EEC3 /* Date+ISO8601Formatting.swift in Sources */,
				5FCF14E52A3BDC9400E5CDDD /* PhotoPickerServiceErrors.swift in Sources */,
				5FB6AD092A609C9400B69B4F /* PhotoCollectionViewDataSource.swift in Sources */,
				5FD0217829FC222D003AC04E /* FacebookAuthService.swift in Sources */,
				5FD7019D29F8F7BB00C81E85 /* SignInViewModel.swift in Sources */,
				5F8DEB742A0DA500002B8835 /* UIView+Padding.swift in Sources */,
				5FD175D52A0B6323008C5A4B /* UserProfileData.swift in Sources */,
				5F30BE412A12EF3E00BF3F0B /* UIImage+DownloadImage.swift in Sources */,
				5F7ED8C12A67416A00339CD5 /* PhotoCollectionViewCellViewModel.swift in Sources */,
				5FDB34232A0479480067A320 /* ImagesConstants.swift in Sources */,
				5FB7CC632A1BD61E0052209B /* ImageSliderCollectionViewCell.swift in Sources */,
				5FC291832A38D4B5003DDB58 /* UITextView+DoneButton.swift in Sources */,
				5FB901B52A1583CA00F184EA /* CustomProfileButtons.swift in Sources */,
				047DC7422819438C00717EEC /* UIFont+Extension.swift in Sources */,
				5F8E81222A3A248300787032 /* CreatePostDataViewModel.swift in Sources */,
				047DC740281935E500717EEC /* UIColor+Extension.swift in Sources */,
				5FC6C84D2A1744D900DC8D84 /* FeedTableViewCell.swift in Sources */,
				5FC575652A2471470030EEC3 /* FeedTableViewCellViewModel.swift in Sources */,
				5FCF14E22A3B9CA700E5CDDD /* PhotoPickerServiceProtocol.swift in Sources */,
				5FD7F9A329F878A800DD2AF1 /* AppCoordinator.swift in Sources */,
				5FD923A529F99AF000633203 /* UIColor+Hex.swift in Sources */,
				5FF4DE9A2A159779002F16C3 /* CustomProfileLabel.swift in Sources */,
			);
			runOnlyForDeploymentPostprocessing = 0;
		};
		04D52D2D2809D80B00D4C010 /* Sources */ = {
			isa = PBXSourcesBuildPhase;
			buildActionMask = 2147483647;
			files = (
				04D52D362809D80B00D4C010 /* FacebookiOSTests.swift in Sources */,
			);
			runOnlyForDeploymentPostprocessing = 0;
		};
		04D52D372809D80B00D4C010 /* Sources */ = {
			isa = PBXSourcesBuildPhase;
			buildActionMask = 2147483647;
			files = (
				04D52D422809D80B00D4C010 /* Facebook_iOSUITestsLaunchTests.swift in Sources */,
				04D52D402809D80B00D4C010 /* FacebookiOSUITests.swift in Sources */,
			);
			runOnlyForDeploymentPostprocessing = 0;
		};
/* End PBXSourcesBuildPhase section */

/* Begin PBXTargetDependency section */
		04D52D332809D80B00D4C010 /* PBXTargetDependency */ = {
			isa = PBXTargetDependency;
			target = 04D52D1A2809D7FC00D4C010 /* Facebook-iOS */;
			targetProxy = 04D52D322809D80B00D4C010 /* PBXContainerItemProxy */;
		};
		04D52D3D2809D80B00D4C010 /* PBXTargetDependency */ = {
			isa = PBXTargetDependency;
			target = 04D52D1A2809D7FC00D4C010 /* Facebook-iOS */;
			targetProxy = 04D52D3C2809D80B00D4C010 /* PBXContainerItemProxy */;
		};
/* End PBXTargetDependency section */

/* Begin PBXVariantGroup section */
		04D52D292809D80B00D4C010 /* LaunchScreen.storyboard */ = {
			isa = PBXVariantGroup;
			children = (
				04D52D2A2809D80B00D4C010 /* Base */,
				5FD923A829F9DC4000633203 /* es */,
			);
			name = LaunchScreen.storyboard;
			sourceTree = "<group>";
		};
		5FD923AD29F9DC6500633203 /* Localizable.strings */ = {
			isa = PBXVariantGroup;
			children = (
				5FD923AC29F9DC6500633203 /* en */,
				5FD923AE29F9DC6700633203 /* es */,
			);
			name = Localizable.strings;
			sourceTree = "<group>";
		};
/* End PBXVariantGroup section */

/* Begin XCBuildConfiguration section */
		04D52D432809D80B00D4C010 /* Debug */ = {
			isa = XCBuildConfiguration;
			buildSettings = {
				ALWAYS_SEARCH_USER_PATHS = NO;
				CLANG_ANALYZER_LOCALIZABILITY_NONLOCALIZED = YES;
				CLANG_ANALYZER_NONNULL = YES;
				CLANG_ANALYZER_NUMBER_OBJECT_CONVERSION = YES_AGGRESSIVE;
				CLANG_CXX_LANGUAGE_STANDARD = "gnu++17";
				CLANG_ENABLE_MODULES = YES;
				CLANG_ENABLE_OBJC_ARC = YES;
				CLANG_ENABLE_OBJC_WEAK = YES;
				CLANG_WARN_BLOCK_CAPTURE_AUTORELEASING = YES;
				CLANG_WARN_BOOL_CONVERSION = YES;
				CLANG_WARN_COMMA = YES;
				CLANG_WARN_CONSTANT_CONVERSION = YES;
				CLANG_WARN_DEPRECATED_OBJC_IMPLEMENTATIONS = YES;
				CLANG_WARN_DIRECT_OBJC_ISA_USAGE = YES_ERROR;
				CLANG_WARN_DOCUMENTATION_COMMENTS = YES;
				CLANG_WARN_EMPTY_BODY = YES;
				CLANG_WARN_ENUM_CONVERSION = YES;
				CLANG_WARN_INFINITE_RECURSION = YES;
				CLANG_WARN_INT_CONVERSION = YES;
				CLANG_WARN_NON_LITERAL_NULL_CONVERSION = YES;
				CLANG_WARN_OBJC_IMPLICIT_RETAIN_SELF = YES;
				CLANG_WARN_OBJC_LITERAL_CONVERSION = YES;
				CLANG_WARN_OBJC_ROOT_CLASS = YES_ERROR;
				CLANG_WARN_QUOTED_INCLUDE_IN_FRAMEWORK_HEADER = YES;
				CLANG_WARN_RANGE_LOOP_ANALYSIS = YES;
				CLANG_WARN_STRICT_PROTOTYPES = YES;
				CLANG_WARN_SUSPICIOUS_MOVE = YES;
				CLANG_WARN_UNGUARDED_AVAILABILITY = YES_AGGRESSIVE;
				CLANG_WARN_UNREACHABLE_CODE = YES;
				CLANG_WARN__DUPLICATE_METHOD_MATCH = YES;
				COPY_PHASE_STRIP = NO;
				DEBUG_INFORMATION_FORMAT = dwarf;
				ENABLE_STRICT_OBJC_MSGSEND = YES;
				ENABLE_TESTABILITY = YES;
				GCC_C_LANGUAGE_STANDARD = gnu11;
				GCC_DYNAMIC_NO_PIC = NO;
				GCC_NO_COMMON_BLOCKS = YES;
				GCC_OPTIMIZATION_LEVEL = 0;
				GCC_PREPROCESSOR_DEFINITIONS = (
					"DEBUG=1",
					"$(inherited)",
				);
				GCC_WARN_64_TO_32_BIT_CONVERSION = YES;
				GCC_WARN_ABOUT_RETURN_TYPE = YES_ERROR;
				GCC_WARN_UNDECLARED_SELECTOR = YES;
				GCC_WARN_UNINITIALIZED_AUTOS = YES_AGGRESSIVE;
				GCC_WARN_UNUSED_FUNCTION = YES;
				GCC_WARN_UNUSED_VARIABLE = YES;
				IPHONEOS_DEPLOYMENT_TARGET = 14.0;
				MTL_ENABLE_DEBUG_INFO = INCLUDE_SOURCE;
				MTL_FAST_MATH = YES;
				ONLY_ACTIVE_ARCH = YES;
				SDKROOT = iphoneos;
				SWIFT_ACTIVE_COMPILATION_CONDITIONS = DEBUG;
				SWIFT_OPTIMIZATION_LEVEL = "-Onone";
			};
			name = Debug;
		};
		04D52D442809D80B00D4C010 /* Release */ = {
			isa = XCBuildConfiguration;
			buildSettings = {
				ALWAYS_SEARCH_USER_PATHS = NO;
				CLANG_ANALYZER_LOCALIZABILITY_NONLOCALIZED = YES;
				CLANG_ANALYZER_NONNULL = YES;
				CLANG_ANALYZER_NUMBER_OBJECT_CONVERSION = YES_AGGRESSIVE;
				CLANG_CXX_LANGUAGE_STANDARD = "gnu++17";
				CLANG_ENABLE_MODULES = YES;
				CLANG_ENABLE_OBJC_ARC = YES;
				CLANG_ENABLE_OBJC_WEAK = YES;
				CLANG_WARN_BLOCK_CAPTURE_AUTORELEASING = YES;
				CLANG_WARN_BOOL_CONVERSION = YES;
				CLANG_WARN_COMMA = YES;
				CLANG_WARN_CONSTANT_CONVERSION = YES;
				CLANG_WARN_DEPRECATED_OBJC_IMPLEMENTATIONS = YES;
				CLANG_WARN_DIRECT_OBJC_ISA_USAGE = YES_ERROR;
				CLANG_WARN_DOCUMENTATION_COMMENTS = YES;
				CLANG_WARN_EMPTY_BODY = YES;
				CLANG_WARN_ENUM_CONVERSION = YES;
				CLANG_WARN_INFINITE_RECURSION = YES;
				CLANG_WARN_INT_CONVERSION = YES;
				CLANG_WARN_NON_LITERAL_NULL_CONVERSION = YES;
				CLANG_WARN_OBJC_IMPLICIT_RETAIN_SELF = YES;
				CLANG_WARN_OBJC_LITERAL_CONVERSION = YES;
				CLANG_WARN_OBJC_ROOT_CLASS = YES_ERROR;
				CLANG_WARN_QUOTED_INCLUDE_IN_FRAMEWORK_HEADER = YES;
				CLANG_WARN_RANGE_LOOP_ANALYSIS = YES;
				CLANG_WARN_STRICT_PROTOTYPES = YES;
				CLANG_WARN_SUSPICIOUS_MOVE = YES;
				CLANG_WARN_UNGUARDED_AVAILABILITY = YES_AGGRESSIVE;
				CLANG_WARN_UNREACHABLE_CODE = YES;
				CLANG_WARN__DUPLICATE_METHOD_MATCH = YES;
				COPY_PHASE_STRIP = NO;
				DEBUG_INFORMATION_FORMAT = "dwarf-with-dsym";
				ENABLE_NS_ASSERTIONS = NO;
				ENABLE_STRICT_OBJC_MSGSEND = YES;
				GCC_C_LANGUAGE_STANDARD = gnu11;
				GCC_NO_COMMON_BLOCKS = YES;
				GCC_WARN_64_TO_32_BIT_CONVERSION = YES;
				GCC_WARN_ABOUT_RETURN_TYPE = YES_ERROR;
				GCC_WARN_UNDECLARED_SELECTOR = YES;
				GCC_WARN_UNINITIALIZED_AUTOS = YES_AGGRESSIVE;
				GCC_WARN_UNUSED_FUNCTION = YES;
				GCC_WARN_UNUSED_VARIABLE = YES;
				IPHONEOS_DEPLOYMENT_TARGET = 14.0;
				MTL_ENABLE_DEBUG_INFO = NO;
				MTL_FAST_MATH = YES;
				SDKROOT = iphoneos;
				SWIFT_COMPILATION_MODE = wholemodule;
				SWIFT_OPTIMIZATION_LEVEL = "-O";
				VALIDATE_PRODUCT = YES;
			};
			name = Release;
		};
		04D52D462809D80B00D4C010 /* Debug */ = {
			isa = XCBuildConfiguration;
			baseConfigurationReference = 835884B22417993333F3A885 /* Pods-App-Facebook-iOS.debug.xcconfig */;
			buildSettings = {
				ASSETCATALOG_COMPILER_APPICON_NAME = AppIcon;
				ASSETCATALOG_COMPILER_GLOBAL_ACCENT_COLOR_NAME = AccentColor;
				CLANG_ENABLE_MODULES = YES;
				CODE_SIGN_ENTITLEMENTS = "Facebook-iOS/Facebook-iOS.entitlements";
				CODE_SIGN_STYLE = Automatic;
				CURRENT_PROJECT_VERSION = 1;
				DEVELOPMENT_TEAM = Q5TA2MK66R;
				GENERATE_INFOPLIST_FILE = YES;
				INFOPLIST_FILE = "$(SRCROOT)/Facebook-iOS/BundleFiles/Plist/Info.plist";
				INFOPLIST_KEY_NSCameraUsageDescription = "This app uses camera to capture photos";
				INFOPLIST_KEY_NSPhotoLibraryUsageDescription = "This app wants to use your library to save images";
				INFOPLIST_KEY_UIApplicationSupportsIndirectInputEvents = YES;
				INFOPLIST_KEY_UILaunchStoryboardName = LaunchScreen;
				INFOPLIST_KEY_UISupportedInterfaceOrientations_iPad = "UIInterfaceOrientationPortrait UIInterfaceOrientationPortraitUpsideDown UIInterfaceOrientationLandscapeLeft UIInterfaceOrientationLandscapeRight";
				INFOPLIST_KEY_UISupportedInterfaceOrientations_iPhone = "UIInterfaceOrientationPortrait UIInterfaceOrientationLandscapeLeft UIInterfaceOrientationLandscapeRight";
				LD_RUNPATH_SEARCH_PATHS = (
					"$(inherited)",
					"@executable_path/Frameworks",
				);
				MARKETING_VERSION = 1.0;
				PRODUCT_BUNDLE_IDENTIFIER = com.bertochgg.UltimateSocialApp;
				PRODUCT_NAME = "$(TARGET_NAME)";
				SWIFT_EMIT_LOC_STRINGS = YES;
				SWIFT_OBJC_BRIDGING_HEADER = "";
				SWIFT_OPTIMIZATION_LEVEL = "-Onone";
				SWIFT_VERSION = 5.0;
				TARGETED_DEVICE_FAMILY = "1,2";
			};
			name = Debug;
		};
		04D52D472809D80B00D4C010 /* Release */ = {
			isa = XCBuildConfiguration;
			baseConfigurationReference = 15A5B658A64061E412B41C2E /* Pods-App-Facebook-iOS.release.xcconfig */;
			buildSettings = {
				ASSETCATALOG_COMPILER_APPICON_NAME = AppIcon;
				ASSETCATALOG_COMPILER_GLOBAL_ACCENT_COLOR_NAME = AccentColor;
				CLANG_ENABLE_MODULES = YES;
				CODE_SIGN_ENTITLEMENTS = "Facebook-iOS/Facebook-iOS.entitlements";
				CODE_SIGN_STYLE = Automatic;
				CURRENT_PROJECT_VERSION = 1;
				DEVELOPMENT_TEAM = Q5TA2MK66R;
				GENERATE_INFOPLIST_FILE = YES;
				INFOPLIST_FILE = "$(SRCROOT)/Facebook-iOS/BundleFiles/Plist/Info.plist";
				INFOPLIST_KEY_NSCameraUsageDescription = "This app uses camera to capture photos";
				INFOPLIST_KEY_NSPhotoLibraryUsageDescription = "This app wants to use your library to save images";
				INFOPLIST_KEY_UIApplicationSupportsIndirectInputEvents = YES;
				INFOPLIST_KEY_UILaunchStoryboardName = LaunchScreen;
				INFOPLIST_KEY_UISupportedInterfaceOrientations_iPad = "UIInterfaceOrientationPortrait UIInterfaceOrientationPortraitUpsideDown UIInterfaceOrientationLandscapeLeft UIInterfaceOrientationLandscapeRight";
				INFOPLIST_KEY_UISupportedInterfaceOrientations_iPhone = "UIInterfaceOrientationPortrait UIInterfaceOrientationLandscapeLeft UIInterfaceOrientationLandscapeRight";
				LD_RUNPATH_SEARCH_PATHS = (
					"$(inherited)",
					"@executable_path/Frameworks",
				);
				MARKETING_VERSION = 1.0;
				PRODUCT_BUNDLE_IDENTIFIER = com.bertochgg.UltimateSocialApp;
				PRODUCT_NAME = "$(TARGET_NAME)";
				SWIFT_EMIT_LOC_STRINGS = YES;
				SWIFT_OBJC_BRIDGING_HEADER = "";
				SWIFT_VERSION = 5.0;
				TARGETED_DEVICE_FAMILY = "1,2";
			};
			name = Release;
		};
		04D52D492809D80B00D4C010 /* Debug */ = {
			isa = XCBuildConfiguration;
			baseConfigurationReference = C8EC75C8BC4E438309DF355C /* Pods-App-Facebook-iOSTests.debug.xcconfig */;
			buildSettings = {
				ALWAYS_EMBED_SWIFT_STANDARD_LIBRARIES = YES;
				BUNDLE_LOADER = "$(TEST_HOST)";
				CODE_SIGN_STYLE = Automatic;
				CURRENT_PROJECT_VERSION = 1;
				GENERATE_INFOPLIST_FILE = YES;
				IPHONEOS_DEPLOYMENT_TARGET = 15.4;
				MARKETING_VERSION = 1.0;
				PRODUCT_BUNDLE_IDENTIFIER = "com.Facebook-iOSTests";
				PRODUCT_NAME = "$(TARGET_NAME)";
				SWIFT_EMIT_LOC_STRINGS = NO;
				SWIFT_VERSION = 5.0;
				TARGETED_DEVICE_FAMILY = "1,2";
				TEST_HOST = "$(BUILT_PRODUCTS_DIR)/Facebook-iOS.app/Facebook-iOS";
			};
			name = Debug;
		};
		04D52D4A2809D80B00D4C010 /* Release */ = {
			isa = XCBuildConfiguration;
			baseConfigurationReference = 30D6BA4859E3C0D7A3A15332 /* Pods-App-Facebook-iOSTests.release.xcconfig */;
			buildSettings = {
				ALWAYS_EMBED_SWIFT_STANDARD_LIBRARIES = YES;
				BUNDLE_LOADER = "$(TEST_HOST)";
				CODE_SIGN_STYLE = Automatic;
				CURRENT_PROJECT_VERSION = 1;
				GENERATE_INFOPLIST_FILE = YES;
				IPHONEOS_DEPLOYMENT_TARGET = 15.4;
				MARKETING_VERSION = 1.0;
				PRODUCT_BUNDLE_IDENTIFIER = "com.Facebook-iOSTests";
				PRODUCT_NAME = "$(TARGET_NAME)";
				SWIFT_EMIT_LOC_STRINGS = NO;
				SWIFT_VERSION = 5.0;
				TARGETED_DEVICE_FAMILY = "1,2";
				TEST_HOST = "$(BUILT_PRODUCTS_DIR)/Facebook-iOS.app/Facebook-iOS";
			};
			name = Release;
		};
		04D52D4C2809D80B00D4C010 /* Debug */ = {
			isa = XCBuildConfiguration;
			baseConfigurationReference = 7E05FEFB5EC52FFA0886D0B1 /* Pods-App-Facebook-iOSUITests.debug.xcconfig */;
			buildSettings = {
				ALWAYS_EMBED_SWIFT_STANDARD_LIBRARIES = YES;
				CODE_SIGN_STYLE = Automatic;
				CURRENT_PROJECT_VERSION = 1;
				GENERATE_INFOPLIST_FILE = YES;
				MARKETING_VERSION = 1.0;
				PRODUCT_BUNDLE_IDENTIFIER = "com.Facebook-iOSUITests";
				PRODUCT_NAME = "$(TARGET_NAME)";
				SWIFT_EMIT_LOC_STRINGS = NO;
				SWIFT_VERSION = 5.0;
				TARGETED_DEVICE_FAMILY = "1,2";
				TEST_TARGET_NAME = "Facebook-iOS";
			};
			name = Debug;
		};
		04D52D4D2809D80B00D4C010 /* Release */ = {
			isa = XCBuildConfiguration;
			baseConfigurationReference = A5A62398235DFA42D9783365 /* Pods-App-Facebook-iOSUITests.release.xcconfig */;
			buildSettings = {
				ALWAYS_EMBED_SWIFT_STANDARD_LIBRARIES = YES;
				CODE_SIGN_STYLE = Automatic;
				CURRENT_PROJECT_VERSION = 1;
				GENERATE_INFOPLIST_FILE = YES;
				MARKETING_VERSION = 1.0;
				PRODUCT_BUNDLE_IDENTIFIER = "com.Facebook-iOSUITests";
				PRODUCT_NAME = "$(TARGET_NAME)";
				SWIFT_EMIT_LOC_STRINGS = NO;
				SWIFT_VERSION = 5.0;
				TARGETED_DEVICE_FAMILY = "1,2";
				TEST_TARGET_NAME = "Facebook-iOS";
			};
			name = Release;
		};
/* End XCBuildConfiguration section */

/* Begin XCConfigurationList section */
		04D52D162809D7FC00D4C010 /* Build configuration list for PBXProject "Facebook-iOS" */ = {
			isa = XCConfigurationList;
			buildConfigurations = (
				04D52D432809D80B00D4C010 /* Debug */,
				04D52D442809D80B00D4C010 /* Release */,
			);
			defaultConfigurationIsVisible = 0;
			defaultConfigurationName = Release;
		};
		04D52D452809D80B00D4C010 /* Build configuration list for PBXNativeTarget "Facebook-iOS" */ = {
			isa = XCConfigurationList;
			buildConfigurations = (
				04D52D462809D80B00D4C010 /* Debug */,
				04D52D472809D80B00D4C010 /* Release */,
			);
			defaultConfigurationIsVisible = 0;
			defaultConfigurationName = Release;
		};
		04D52D482809D80B00D4C010 /* Build configuration list for PBXNativeTarget "Facebook-iOSTests" */ = {
			isa = XCConfigurationList;
			buildConfigurations = (
				04D52D492809D80B00D4C010 /* Debug */,
				04D52D4A2809D80B00D4C010 /* Release */,
			);
			defaultConfigurationIsVisible = 0;
			defaultConfigurationName = Release;
		};
		04D52D4B2809D80B00D4C010 /* Build configuration list for PBXNativeTarget "Facebook-iOSUITests" */ = {
			isa = XCConfigurationList;
			buildConfigurations = (
				04D52D4C2809D80B00D4C010 /* Debug */,
				04D52D4D2809D80B00D4C010 /* Release */,
			);
			defaultConfigurationIsVisible = 0;
			defaultConfigurationName = Release;
		};
/* End XCConfigurationList section */

/* Begin XCRemoteSwiftPackageReference section */
		5F14F19E29FB9BAD0079C0A4 /* XCRemoteSwiftPackageReference "facebook-ios-sdk" */ = {
			isa = XCRemoteSwiftPackageReference;
			repositoryURL = "https://github.com/facebook/facebook-ios-sdk";
			requirement = {
				kind = upToNextMajorVersion;
				minimumVersion = 9.0.0;
			};
		};
		5FDCD6BA2A02F51300AA6E73 /* XCRemoteSwiftPackageReference "JGProgressHUD" */ = {
			isa = XCRemoteSwiftPackageReference;
			repositoryURL = "https://github.com/JonasGessner/JGProgressHUD.git";
			requirement = {
				kind = upToNextMajorVersion;
				minimumVersion = 2.0.0;
			};
		};
/* End XCRemoteSwiftPackageReference section */

/* Begin XCSwiftPackageProductDependency section */
		5F14F19F29FB9BAD0079C0A4 /* FacebookCore */ = {
			isa = XCSwiftPackageProductDependency;
			package = 5F14F19E29FB9BAD0079C0A4 /* XCRemoteSwiftPackageReference "facebook-ios-sdk" */;
			productName = FacebookCore;
		};
		5F14F1A129FB9BAD0079C0A4 /* FacebookLogin */ = {
			isa = XCSwiftPackageProductDependency;
			package = 5F14F19E29FB9BAD0079C0A4 /* XCRemoteSwiftPackageReference "facebook-ios-sdk" */;
			productName = FacebookLogin;
		};
		5F14F1A329FB9BAD0079C0A4 /* FacebookShare */ = {
			isa = XCSwiftPackageProductDependency;
			package = 5F14F19E29FB9BAD0079C0A4 /* XCRemoteSwiftPackageReference "facebook-ios-sdk" */;
			productName = FacebookShare;
		};
		5FDCD6BB2A02F51300AA6E73 /* JGProgressHUD */ = {
			isa = XCSwiftPackageProductDependency;
			package = 5FDCD6BA2A02F51300AA6E73 /* XCRemoteSwiftPackageReference "JGProgressHUD" */;
			productName = JGProgressHUD;
		};
/* End XCSwiftPackageProductDependency section */
	};
	rootObject = 04D52D132809D7FC00D4C010 /* Project object */;
}
