// !$*UTF8*$!
{
	archiveVersion = 1;
	classes = {
	};
	objectVersion = 55;
	objects = {

/* Begin PBXBuildFile section */
		047DC73A2819341000717EEC /* Colors.xcassets in Resources */ = {isa = PBXBuildFile; fileRef = 047DC7392819341000717EEC /* Colors.xcassets */; };
		047DC73C281934EB00717EEC /* Localization_TODO.txt in Resources */ = {isa = PBXBuildFile; fileRef = 047DC73B281934EB00717EEC /* Localization_TODO.txt */; };
		047DC73E2819357800717EEC /* Fonts_TODO.txt in Resources */ = {isa = PBXBuildFile; fileRef = 047DC73D2819357800717EEC /* Fonts_TODO.txt */; };
		047DC740281935E500717EEC /* UIColor+Extension.swift in Sources */ = {isa = PBXBuildFile; fileRef = 047DC73F281935E500717EEC /* UIColor+Extension.swift */; };
		047DC7422819438C00717EEC /* UIFont+Extension.swift in Sources */ = {isa = PBXBuildFile; fileRef = 047DC7412819438C00717EEC /* UIFont+Extension.swift */; };
		047DC747281943EA00717EEC /* Raleway-Medium.ttf in Resources */ = {isa = PBXBuildFile; fileRef = 047DC744281943EA00717EEC /* Raleway-Medium.ttf */; };
		047DC748281943EA00717EEC /* Raleway-Regular.ttf in Resources */ = {isa = PBXBuildFile; fileRef = 047DC745281943EA00717EEC /* Raleway-Regular.ttf */; };
		047DC749281943EA00717EEC /* Raleway-Bold.ttf in Resources */ = {isa = PBXBuildFile; fileRef = 047DC746281943EA00717EEC /* Raleway-Bold.ttf */; };
		04D52D1F2809D7FC00D4C010 /* AppDelegate.swift in Sources */ = {isa = PBXBuildFile; fileRef = 04D52D1E2809D7FC00D4C010 /* AppDelegate.swift */; };
		04D52D212809D7FC00D4C010 /* SceneDelegate.swift in Sources */ = {isa = PBXBuildFile; fileRef = 04D52D202809D7FC00D4C010 /* SceneDelegate.swift */; };
		04D52D232809D7FC00D4C010 /* SignInViewController.swift in Sources */ = {isa = PBXBuildFile; fileRef = 04D52D222809D7FC00D4C010 /* SignInViewController.swift */; };
		04D52D282809D80B00D4C010 /* Assets.xcassets in Resources */ = {isa = PBXBuildFile; fileRef = 04D52D272809D80B00D4C010 /* Assets.xcassets */; };
		04D52D2B2809D80B00D4C010 /* LaunchScreen.storyboard in Resources */ = {isa = PBXBuildFile; fileRef = 04D52D292809D80B00D4C010 /* LaunchScreen.storyboard */; };
		04D52D362809D80B00D4C010 /* FacebookiOSTests.swift in Sources */ = {isa = PBXBuildFile; fileRef = 04D52D352809D80B00D4C010 /* FacebookiOSTests.swift */; };
		04D52D402809D80B00D4C010 /* FacebookiOSUITests.swift in Sources */ = {isa = PBXBuildFile; fileRef = 04D52D3F2809D80B00D4C010 /* FacebookiOSUITests.swift */; };
		04D52D422809D80B00D4C010 /* Facebook_iOSUITestsLaunchTests.swift in Sources */ = {isa = PBXBuildFile; fileRef = 04D52D412809D80B00D4C010 /* Facebook_iOSUITestsLaunchTests.swift */; };
		04D52D5C2809F14600D4C010 /* Images.xcassets in Resources */ = {isa = PBXBuildFile; fileRef = 04D52D5B2809F14600D4C010 /* Images.xcassets */; };
		04D52D5F2809F48600D4C010 /* DataModels_TODO.txt in Resources */ = {isa = PBXBuildFile; fileRef = 04D52D5E2809F48600D4C010 /* DataModels_TODO.txt */; };
		04D52D622809F4C400D4C010 /* CoreUI_TODO.txt in Resources */ = {isa = PBXBuildFile; fileRef = 04D52D612809F4C400D4C010 /* CoreUI_TODO.txt */; };
		04D52D672809F52F00D4C010 /* Foundation_Extensions_TODO.txt in Resources */ = {isa = PBXBuildFile; fileRef = 04D52D662809F52F00D4C010 /* Foundation_Extensions_TODO.txt */; };
		04D52D692809F55800D4C010 /* UIKit_Extensions_TODO.txt in Resources */ = {isa = PBXBuildFile; fileRef = 04D52D682809F55800D4C010 /* UIKit_Extensions_TODO.txt */; };
		04D52D6C2809F5B900D4C010 /* Services_TODO.txt in Resources */ = {isa = PBXBuildFile; fileRef = 04D52D6B2809F5B900D4C010 /* Services_TODO.txt */; };
		04D52D6F2809F62900D4C010 /* Protocols_TODO.txt in Resources */ = {isa = PBXBuildFile; fileRef = 04D52D6E2809F62900D4C010 /* Protocols_TODO.txt */; };
		5FD7019B29F8D89600C81E85 /* Reference.storyboard in Resources */ = {isa = PBXBuildFile; fileRef = 5FD7019A29F8D89600C81E85 /* Reference.storyboard */; };
		5FD7019D29F8F7BB00C81E85 /* SignInViewModel.swift in Sources */ = {isa = PBXBuildFile; fileRef = 5FD7019C29F8F7BB00C81E85 /* SignInViewModel.swift */; };
		5FD7F9A329F878A800DD2AF1 /* AppCoordinator.swift in Sources */ = {isa = PBXBuildFile; fileRef = 5FD7F9A229F878A800DD2AF1 /* AppCoordinator.swift */; };
		5FD923A129F98F8700633203 /* Roboto-MediumItalic.ttf in Resources */ = {isa = PBXBuildFile; fileRef = 5FD923A029F98F8700633203 /* Roboto-MediumItalic.ttf */; };
		5FD923A329F9913500633203 /* Roboto-BoldItalic.ttf in Resources */ = {isa = PBXBuildFile; fileRef = 5FD923A229F9913500633203 /* Roboto-BoldItalic.ttf */; };
		5FDFCA4129F5B3AC00E41A5F /* Coordinator.swift in Sources */ = {isa = PBXBuildFile; fileRef = 5FDFCA4029F5B3AC00E41A5F /* Coordinator.swift */; };
		61C181CCF1F7735CEDAB988D /* Pods_App_Facebook_iOS.framework in Frameworks */ = {isa = PBXBuildFile; fileRef = 03B0769E5513789A098B1E06 /* Pods_App_Facebook_iOS.framework */; };
		B032E04476ADF3C218F4B0A4 /* Pods_App_Facebook_iOSUITests.framework in Frameworks */ = {isa = PBXBuildFile; fileRef = E3712D4409C66C44EF8F8F67 /* Pods_App_Facebook_iOSUITests.framework */; };
		DC0C2845F5CC992B49280B68 /* Pods_App_Facebook_iOSTests.framework in Frameworks */ = {isa = PBXBuildFile; fileRef = DC3A1A075D7C5B540D36784C /* Pods_App_Facebook_iOSTests.framework */; };
/* End PBXBuildFile section */

/* Begin PBXContainerItemProxy section */
		04D52D322809D80B00D4C010 /* PBXContainerItemProxy */ = {
			isa = PBXContainerItemProxy;
			containerPortal = 04D52D132809D7FC00D4C010 /* Project object */;
			proxyType = 1;
			remoteGlobalIDString = 04D52D1A2809D7FC00D4C010;
			remoteInfo = "Facebook-iOS";
		};
		04D52D3C2809D80B00D4C010 /* PBXContainerItemProxy */ = {
			isa = PBXContainerItemProxy;
			containerPortal = 04D52D132809D7FC00D4C010 /* Project object */;
			proxyType = 1;
			remoteGlobalIDString = 04D52D1A2809D7FC00D4C010;
			remoteInfo = "Facebook-iOS";
		};
/* End PBXContainerItemProxy section */

/* Begin PBXFileReference section */
		03B0769E5513789A098B1E06 /* Pods_App_Facebook_iOS.framework */ = {isa = PBXFileReference; explicitFileType = wrapper.framework; includeInIndex = 0; path = Pods_App_Facebook_iOS.framework; sourceTree = BUILT_PRODUCTS_DIR; };
		047DC7392819341000717EEC /* Colors.xcassets */ = {isa = PBXFileReference; lastKnownFileType = folder.assetcatalog; path = Colors.xcassets; sourceTree = "<group>"; };
		047DC73B281934EB00717EEC /* Localization_TODO.txt */ = {isa = PBXFileReference; fileEncoding = 4; lastKnownFileType = text; path = Localization_TODO.txt; sourceTree = "<group>"; };
		047DC73D2819357800717EEC /* Fonts_TODO.txt */ = {isa = PBXFileReference; fileEncoding = 4; lastKnownFileType = text; path = Fonts_TODO.txt; sourceTree = "<group>"; };
		047DC73F281935E500717EEC /* UIColor+Extension.swift */ = {isa = PBXFileReference; lastKnownFileType = sourcecode.swift; path = "UIColor+Extension.swift"; sourceTree = "<group>"; };
		047DC7412819438C00717EEC /* UIFont+Extension.swift */ = {isa = PBXFileReference; lastKnownFileType = sourcecode.swift; path = "UIFont+Extension.swift"; sourceTree = "<group>"; };
		047DC744281943EA00717EEC /* Raleway-Medium.ttf */ = {isa = PBXFileReference; lastKnownFileType = file; path = "Raleway-Medium.ttf"; sourceTree = "<group>"; };
		047DC745281943EA00717EEC /* Raleway-Regular.ttf */ = {isa = PBXFileReference; lastKnownFileType = file; path = "Raleway-Regular.ttf"; sourceTree = "<group>"; };
		047DC746281943EA00717EEC /* Raleway-Bold.ttf */ = {isa = PBXFileReference; lastKnownFileType = file; path = "Raleway-Bold.ttf"; sourceTree = "<group>"; };
		04D52D1B2809D7FC00D4C010 /* Facebook-iOS.app */ = {isa = PBXFileReference; explicitFileType = wrapper.application; includeInIndex = 0; path = "Facebook-iOS.app"; sourceTree = BUILT_PRODUCTS_DIR; };
		04D52D1E2809D7FC00D4C010 /* AppDelegate.swift */ = {isa = PBXFileReference; lastKnownFileType = sourcecode.swift; path = AppDelegate.swift; sourceTree = "<group>"; };
		04D52D202809D7FC00D4C010 /* SceneDelegate.swift */ = {isa = PBXFileReference; lastKnownFileType = sourcecode.swift; path = SceneDelegate.swift; sourceTree = "<group>"; };
		04D52D222809D7FC00D4C010 /* SignInViewController.swift */ = {isa = PBXFileReference; lastKnownFileType = sourcecode.swift; path = SignInViewController.swift; sourceTree = "<group>"; };
		04D52D272809D80B00D4C010 /* Assets.xcassets */ = {isa = PBXFileReference; lastKnownFileType = folder.assetcatalog; path = Assets.xcassets; sourceTree = "<group>"; };
		04D52D2A2809D80B00D4C010 /* Base */ = {isa = PBXFileReference; lastKnownFileType = file.storyboard; name = Base; path = Base.lproj/LaunchScreen.storyboard; sourceTree = "<group>"; };
		04D52D2C2809D80B00D4C010 /* Info.plist */ = {isa = PBXFileReference; lastKnownFileType = text.plist.xml; path = Info.plist; sourceTree = "<group>"; };
		04D52D312809D80B00D4C010 /* Facebook-iOSTests.xctest */ = {isa = PBXFileReference; explicitFileType = wrapper.cfbundle; includeInIndex = 0; path = "Facebook-iOSTests.xctest"; sourceTree = BUILT_PRODUCTS_DIR; };
		04D52D352809D80B00D4C010 /* FacebookiOSTests.swift */ = {isa = PBXFileReference; lastKnownFileType = sourcecode.swift; path = FacebookiOSTests.swift; sourceTree = "<group>"; };
		04D52D3B2809D80B00D4C010 /* Facebook-iOSUITests.xctest */ = {isa = PBXFileReference; explicitFileType = wrapper.cfbundle; includeInIndex = 0; path = "Facebook-iOSUITests.xctest"; sourceTree = BUILT_PRODUCTS_DIR; };
		04D52D3F2809D80B00D4C010 /* FacebookiOSUITests.swift */ = {isa = PBXFileReference; lastKnownFileType = sourcecode.swift; path = FacebookiOSUITests.swift; sourceTree = "<group>"; };
		04D52D412809D80B00D4C010 /* Facebook_iOSUITestsLaunchTests.swift */ = {isa = PBXFileReference; lastKnownFileType = sourcecode.swift; path = Facebook_iOSUITestsLaunchTests.swift; sourceTree = "<group>"; };
		04D52D5B2809F14600D4C010 /* Images.xcassets */ = {isa = PBXFileReference; lastKnownFileType = folder.assetcatalog; path = Images.xcassets; sourceTree = "<group>"; };
		04D52D5E2809F48600D4C010 /* DataModels_TODO.txt */ = {isa = PBXFileReference; fileEncoding = 4; lastKnownFileType = text; path = DataModels_TODO.txt; sourceTree = "<group>"; };
		04D52D612809F4C400D4C010 /* CoreUI_TODO.txt */ = {isa = PBXFileReference; fileEncoding = 4; lastKnownFileType = text; path = CoreUI_TODO.txt; sourceTree = "<group>"; };
		04D52D662809F52F00D4C010 /* Foundation_Extensions_TODO.txt */ = {isa = PBXFileReference; fileEncoding = 4; lastKnownFileType = text; path = Foundation_Extensions_TODO.txt; sourceTree = "<group>"; };
		04D52D682809F55800D4C010 /* UIKit_Extensions_TODO.txt */ = {isa = PBXFileReference; fileEncoding = 4; lastKnownFileType = text; path = UIKit_Extensions_TODO.txt; sourceTree = "<group>"; };
		04D52D6B2809F5B900D4C010 /* Services_TODO.txt */ = {isa = PBXFileReference; fileEncoding = 4; lastKnownFileType = text; path = Services_TODO.txt; sourceTree = "<group>"; };
		04D52D6E2809F62900D4C010 /* Protocols_TODO.txt */ = {isa = PBXFileReference; fileEncoding = 4; lastKnownFileType = text; path = Protocols_TODO.txt; sourceTree = "<group>"; };
		15A5B658A64061E412B41C2E /* Pods-App-Facebook-iOS.release.xcconfig */ = {isa = PBXFileReference; includeInIndex = 1; lastKnownFileType = text.xcconfig; name = "Pods-App-Facebook-iOS.release.xcconfig"; path = "Target Support Files/Pods-App-Facebook-iOS/Pods-App-Facebook-iOS.release.xcconfig"; sourceTree = "<group>"; };
		30D6BA4859E3C0D7A3A15332 /* Pods-App-Facebook-iOSTests.release.xcconfig */ = {isa = PBXFileReference; includeInIndex = 1; lastKnownFileType = text.xcconfig; name = "Pods-App-Facebook-iOSTests.release.xcconfig"; path = "Target Support Files/Pods-App-Facebook-iOSTests/Pods-App-Facebook-iOSTests.release.xcconfig"; sourceTree = "<group>"; };
		5FD7019A29F8D89600C81E85 /* Reference.storyboard */ = {isa = PBXFileReference; lastKnownFileType = file.storyboard; path = Reference.storyboard; sourceTree = "<group>"; };
		5FD7019C29F8F7BB00C81E85 /* SignInViewModel.swift */ = {isa = PBXFileReference; lastKnownFileType = sourcecode.swift; path = SignInViewModel.swift; sourceTree = "<group>"; };
		5FD7F9A229F878A800DD2AF1 /* AppCoordinator.swift */ = {isa = PBXFileReference; lastKnownFileType = sourcecode.swift; path = AppCoordinator.swift; sourceTree = "<group>"; };
		5FD923A029F98F8700633203 /* Roboto-MediumItalic.ttf */ = {isa = PBXFileReference; lastKnownFileType = file; path = "Roboto-MediumItalic.ttf"; sourceTree = "<group>"; };
		5FD923A229F9913500633203 /* Roboto-BoldItalic.ttf */ = {isa = PBXFileReference; lastKnownFileType = file; path = "Roboto-BoldItalic.ttf"; sourceTree = "<group>"; };
		5FDFCA4029F5B3AC00E41A5F /* Coordinator.swift */ = {isa = PBXFileReference; lastKnownFileType = sourcecode.swift; path = Coordinator.swift; sourceTree = "<group>"; };
		7E05FEFB5EC52FFA0886D0B1 /* Pods-App-Facebook-iOSUITests.debug.xcconfig */ = {isa = PBXFileReference; includeInIndex = 1; lastKnownFileType = text.xcconfig; name = "Pods-App-Facebook-iOSUITests.debug.xcconfig"; path = "Target Support Files/Pods-App-Facebook-iOSUITests/Pods-App-Facebook-iOSUITests.debug.xcconfig"; sourceTree = "<group>"; };
		835884B22417993333F3A885 /* Pods-App-Facebook-iOS.debug.xcconfig */ = {isa = PBXFileReference; includeInIndex = 1; lastKnownFileType = text.xcconfig; name = "Pods-App-Facebook-iOS.debug.xcconfig"; path = "Target Support Files/Pods-App-Facebook-iOS/Pods-App-Facebook-iOS.debug.xcconfig"; sourceTree = "<group>"; };
		A5A62398235DFA42D9783365 /* Pods-App-Facebook-iOSUITests.release.xcconfig */ = {isa = PBXFileReference; includeInIndex = 1; lastKnownFileType = text.xcconfig; name = "Pods-App-Facebook-iOSUITests.release.xcconfig"; path = "Target Support Files/Pods-App-Facebook-iOSUITests/Pods-App-Facebook-iOSUITests.release.xcconfig"; sourceTree = "<group>"; };
		C8EC75C8BC4E438309DF355C /* Pods-App-Facebook-iOSTests.debug.xcconfig */ = {isa = PBXFileReference; includeInIndex = 1; lastKnownFileType = text.xcconfig; name = "Pods-App-Facebook-iOSTests.debug.xcconfig"; path = "Target Support Files/Pods-App-Facebook-iOSTests/Pods-App-Facebook-iOSTests.debug.xcconfig"; sourceTree = "<group>"; };
		DC3A1A075D7C5B540D36784C /* Pods_App_Facebook_iOSTests.framework */ = {isa = PBXFileReference; explicitFileType = wrapper.framework; includeInIndex = 0; path = Pods_App_Facebook_iOSTests.framework; sourceTree = BUILT_PRODUCTS_DIR; };
		E3712D4409C66C44EF8F8F67 /* Pods_App_Facebook_iOSUITests.framework */ = {isa = PBXFileReference; explicitFileType = wrapper.framework; includeInIndex = 0; path = Pods_App_Facebook_iOSUITests.framework; sourceTree = BUILT_PRODUCTS_DIR; };
/* End PBXFileReference section */

/* Begin PBXFrameworksBuildPhase section */
		04D52D182809D7FC00D4C010 /* Frameworks */ = {
			isa = PBXFrameworksBuildPhase;
			buildActionMask = 2147483647;
			files = (
				61C181CCF1F7735CEDAB988D /* Pods_App_Facebook_iOS.framework in Frameworks */,
			);
			runOnlyForDeploymentPostprocessing = 0;
		};
		04D52D2E2809D80B00D4C010 /* Frameworks */ = {
			isa = PBXFrameworksBuildPhase;
			buildActionMask = 2147483647;
			files = (
				DC0C2845F5CC992B49280B68 /* Pods_App_Facebook_iOSTests.framework in Frameworks */,
			);
			runOnlyForDeploymentPostprocessing = 0;
		};
		04D52D382809D80B00D4C010 /* Frameworks */ = {
			isa = PBXFrameworksBuildPhase;
			buildActionMask = 2147483647;
			files = (
				B032E04476ADF3C218F4B0A4 /* Pods_App_Facebook_iOSUITests.framework in Frameworks */,
			);
			runOnlyForDeploymentPostprocessing = 0;
		};
/* End PBXFrameworksBuildPhase section */

/* Begin PBXGroup section */
		047DC736281933DC00717EEC /* Fonts */ = {
			isa = PBXGroup;
			children = (
				5FD9239F29F98F6800633203 /* Roboto */,
				047DC73D2819357800717EEC /* Fonts_TODO.txt */,
				047DC7412819438C00717EEC /* UIFont+Extension.swift */,
				047DC743281943EA00717EEC /* Raleway */,
			);
			path = Fonts;
			sourceTree = "<group>";
		};
		047DC737281933E600717EEC /* Localization */ = {
			isa = PBXGroup;
			children = (
				047DC73B281934EB00717EEC /* Localization_TODO.txt */,
			);
			path = Localization;
			sourceTree = "<group>";
		};
		047DC738281933F900717EEC /* Colors */ = {
			isa = PBXGroup;
			children = (
				047DC7392819341000717EEC /* Colors.xcassets */,
				047DC73F281935E500717EEC /* UIColor+Extension.swift */,
			);
			path = Colors;
			sourceTree = "<group>";
		};
		047DC743281943EA00717EEC /* Raleway */ = {
			isa = PBXGroup;
			children = (
				047DC744281943EA00717EEC /* Raleway-Medium.ttf */,
				047DC745281943EA00717EEC /* Raleway-Regular.ttf */,
				047DC746281943EA00717EEC /* Raleway-Bold.ttf */,
			);
			path = Raleway;
			sourceTree = "<group>";
		};
		04D52D122809D7FC00D4C010 = {
			isa = PBXGroup;
			children = (
				04D52D1D2809D7FC00D4C010 /* Facebook-iOS */,
				04D52D342809D80B00D4C010 /* Facebook-iOSTests */,
				04D52D3E2809D80B00D4C010 /* Facebook-iOSUITests */,
				04D52D1C2809D7FC00D4C010 /* Products */,
				DD8C5EFA294DB0B0AEC22A02 /* Pods */,
				05ABF53A7D0DD553DAC52251 /* Frameworks */,
			);
			sourceTree = "<group>";
		};
		04D52D1C2809D7FC00D4C010 /* Products */ = {
			isa = PBXGroup;
			children = (
				04D52D1B2809D7FC00D4C010 /* Facebook-iOS.app */,
				04D52D312809D80B00D4C010 /* Facebook-iOSTests.xctest */,
				04D52D3B2809D80B00D4C010 /* Facebook-iOSUITests.xctest */,
			);
			name = Products;
			sourceTree = "<group>";
		};
		04D52D1D2809D7FC00D4C010 /* Facebook-iOS */ = {
			isa = PBXGroup;
			children = (
				04D52D6D2809F61F00D4C010 /* Protocols */,
				04D52D6A2809F5A100D4C010 /* Services */,
				04D52D632809F50B00D4C010 /* Extensions */,
				04D52D602809F4B800D4C010 /* CoreUI */,
				04D52D5D2809F45800D4C010 /* DataModels */,
				04D52D572809EFED00D4C010 /* Resources */,
				04D52D552809EFCE00D4C010 /* BundleFiles */,
				04D52D522809EFAD00D4C010 /* Application */,
				04D52D5A2809F03400D4C010 /* UserStory */,
			);
			path = "Facebook-iOS";
			sourceTree = "<group>";
		};
		04D52D342809D80B00D4C010 /* Facebook-iOSTests */ = {
			isa = PBXGroup;
			children = (
				04D52D352809D80B00D4C010 /* FacebookiOSTests.swift */,
			);
			path = "Facebook-iOSTests";
			sourceTree = "<group>";
		};
		04D52D3E2809D80B00D4C010 /* Facebook-iOSUITests */ = {
			isa = PBXGroup;
			children = (
				04D52D3F2809D80B00D4C010 /* FacebookiOSUITests.swift */,
				04D52D412809D80B00D4C010 /* Facebook_iOSUITestsLaunchTests.swift */,
			);
			path = "Facebook-iOSUITests";
			sourceTree = "<group>";
		};
		04D52D522809EFAD00D4C010 /* Application */ = {
			isa = PBXGroup;
			children = (
				04D52D542809EFC000D4C010 /* SceneDelegate */,
				04D52D532809EFB400D4C010 /* AppDelegate */,
			);
			path = Application;
			sourceTree = "<group>";
		};
		04D52D532809EFB400D4C010 /* AppDelegate */ = {
			isa = PBXGroup;
			children = (
				04D52D1E2809D7FC00D4C010 /* AppDelegate.swift */,
			);
			path = AppDelegate;
			sourceTree = "<group>";
		};
		04D52D542809EFC000D4C010 /* SceneDelegate */ = {
			isa = PBXGroup;
			children = (
				04D52D202809D7FC00D4C010 /* SceneDelegate.swift */,
			);
			path = SceneDelegate;
			sourceTree = "<group>";
		};
		04D52D552809EFCE00D4C010 /* BundleFiles */ = {
			isa = PBXGroup;
			children = (
				04D52D562809EFD600D4C010 /* Plist */,
			);
			path = BundleFiles;
			sourceTree = "<group>";
		};
		04D52D562809EFD600D4C010 /* Plist */ = {
			isa = PBXGroup;
			children = (
				04D52D2C2809D80B00D4C010 /* Info.plist */,
			);
			path = Plist;
			sourceTree = "<group>";
		};
		04D52D572809EFED00D4C010 /* Resources */ = {
			isa = PBXGroup;
			children = (
				047DC738281933F900717EEC /* Colors */,
				047DC737281933E600717EEC /* Localization */,
				047DC736281933DC00717EEC /* Fonts */,
				04D52D592809F00600D4C010 /* LaunchScreen */,
				04D52D582809EFF900D4C010 /* Images */,
			);
			path = Resources;
			sourceTree = "<group>";
		};
		04D52D582809EFF900D4C010 /* Images */ = {
			isa = PBXGroup;
			children = (
				04D52D272809D80B00D4C010 /* Assets.xcassets */,
				04D52D5B2809F14600D4C010 /* Images.xcassets */,
			);
			path = Images;
			sourceTree = "<group>";
		};
		04D52D592809F00600D4C010 /* LaunchScreen */ = {
			isa = PBXGroup;
			children = (
				04D52D292809D80B00D4C010 /* LaunchScreen.storyboard */,
			);
			path = LaunchScreen;
			sourceTree = "<group>";
		};
		04D52D5A2809F03400D4C010 /* UserStory */ = {
			isa = PBXGroup;
			children = (
				04D52D222809D7FC00D4C010 /* SignInViewController.swift */,
				5FD7019A29F8D89600C81E85 /* Reference.storyboard */,
				5FD7019C29F8F7BB00C81E85 /* SignInViewModel.swift */,
			);
			path = UserStory;
			sourceTree = "<group>";
		};
		04D52D5D2809F45800D4C010 /* DataModels */ = {
			isa = PBXGroup;
			children = (
				04D52D5E2809F48600D4C010 /* DataModels_TODO.txt */,
			);
			path = DataModels;
			sourceTree = "<group>";
		};
		04D52D602809F4B800D4C010 /* CoreUI */ = {
			isa = PBXGroup;
			children = (
				04D52D612809F4C400D4C010 /* CoreUI_TODO.txt */,
			);
			path = CoreUI;
			sourceTree = "<group>";
		};
		04D52D632809F50B00D4C010 /* Extensions */ = {
			isa = PBXGroup;
			children = (
				04D52D652809F51D00D4C010 /* UIKit */,
				04D52D642809F51500D4C010 /* Foundation */,
			);
			path = Extensions;
			sourceTree = "<group>";
		};
		04D52D642809F51500D4C010 /* Foundation */ = {
			isa = PBXGroup;
			children = (
				04D52D662809F52F00D4C010 /* Foundation_Extensions_TODO.txt */,
			);
			path = Foundation;
			sourceTree = "<group>";
		};
		04D52D652809F51D00D4C010 /* UIKit */ = {
			isa = PBXGroup;
			children = (
				04D52D682809F55800D4C010 /* UIKit_Extensions_TODO.txt */,
			);
			path = UIKit;
			sourceTree = "<group>";
		};
		04D52D6A2809F5A100D4C010 /* Services */ = {
			isa = PBXGroup;
			children = (
				04D52D6B2809F5B900D4C010 /* Services_TODO.txt */,
			);
			path = Services;
			sourceTree = "<group>";
		};
		04D52D6D2809F61F00D4C010 /* Protocols */ = {
			isa = PBXGroup;
			children = (
				04D52D6E2809F62900D4C010 /* Protocols_TODO.txt */,
				5FDFCA4029F5B3AC00E41A5F /* Coordinator.swift */,
				5FD7F9A229F878A800DD2AF1 /* AppCoordinator.swift */,
			);
			path = Protocols;
			sourceTree = "<group>";
		};
		05ABF53A7D0DD553DAC52251 /* Frameworks */ = {
			isa = PBXGroup;
			children = (
				03B0769E5513789A098B1E06 /* Pods_App_Facebook_iOS.framework */,
				DC3A1A075D7C5B540D36784C /* Pods_App_Facebook_iOSTests.framework */,
				E3712D4409C66C44EF8F8F67 /* Pods_App_Facebook_iOSUITests.framework */,
			);
			name = Frameworks;
			sourceTree = "<group>";
		};
		5FD9239F29F98F6800633203 /* Roboto */ = {
			isa = PBXGroup;
			children = (
				5FD923A229F9913500633203 /* Roboto-BoldItalic.ttf */,
				5FD923A029F98F8700633203 /* Roboto-MediumItalic.ttf */,
			);
			path = Roboto;
			sourceTree = "<group>";
		};
		DD8C5EFA294DB0B0AEC22A02 /* Pods */ = {
			isa = PBXGroup;
			children = (
				835884B22417993333F3A885 /* Pods-App-Facebook-iOS.debug.xcconfig */,
				15A5B658A64061E412B41C2E /* Pods-App-Facebook-iOS.release.xcconfig */,
				C8EC75C8BC4E438309DF355C /* Pods-App-Facebook-iOSTests.debug.xcconfig */,
				30D6BA4859E3C0D7A3A15332 /* Pods-App-Facebook-iOSTests.release.xcconfig */,
				7E05FEFB5EC52FFA0886D0B1 /* Pods-App-Facebook-iOSUITests.debug.xcconfig */,
				A5A62398235DFA42D9783365 /* Pods-App-Facebook-iOSUITests.release.xcconfig */,
			);
			path = Pods;
			sourceTree = "<group>";
		};
/* End PBXGroup section */

/* Begin PBXNativeTarget section */
		04D52D1A2809D7FC00D4C010 /* Facebook-iOS */ = {
			isa = PBXNativeTarget;
			buildConfigurationList = 04D52D452809D80B00D4C010 /* Build configuration list for PBXNativeTarget "Facebook-iOS" */;
			buildPhases = (
				BC2D26A002DB452835CE4408 /* [CP] Check Pods Manifest.lock */,
				04D52D4F2809EC4400D4C010 /* Swift Lint */,
				04D52D172809D7FC00D4C010 /* Sources */,
				04D52D182809D7FC00D4C010 /* Frameworks */,
				04D52D192809D7FC00D4C010 /* Resources */,
			);
			buildRules = (
			);
			dependencies = (
			);
			name = "Facebook-iOS";
			productName = "Facebook-iOS";
			productReference = 04D52D1B2809D7FC00D4C010 /* Facebook-iOS.app */;
			productType = "com.apple.product-type.application";
		};
		04D52D302809D80B00D4C010 /* Facebook-iOSTests */ = {
			isa = PBXNativeTarget;
			buildConfigurationList = 04D52D482809D80B00D4C010 /* Build configuration list for PBXNativeTarget "Facebook-iOSTests" */;
			buildPhases = (
				D1786199C3163641F76BBD7C /* [CP] Check Pods Manifest.lock */,
				04D52D502809EC7D00D4C010 /* Swift Lint */,
				04D52D2D2809D80B00D4C010 /* Sources */,
				04D52D2E2809D80B00D4C010 /* Frameworks */,
				04D52D2F2809D80B00D4C010 /* Resources */,
			);
			buildRules = (
			);
			dependencies = (
				04D52D332809D80B00D4C010 /* PBXTargetDependency */,
			);
			name = "Facebook-iOSTests";
			productName = "Facebook-iOSTests";
			productReference = 04D52D312809D80B00D4C010 /* Facebook-iOSTests.xctest */;
			productType = "com.apple.product-type.bundle.unit-test";
		};
		04D52D3A2809D80B00D4C010 /* Facebook-iOSUITests */ = {
			isa = PBXNativeTarget;
			buildConfigurationList = 04D52D4B2809D80B00D4C010 /* Build configuration list for PBXNativeTarget "Facebook-iOSUITests" */;
			buildPhases = (
				6ABFF6AB2F9EF7CC017F1453 /* [CP] Check Pods Manifest.lock */,
				04D52D512809EC9000D4C010 /* Swift Lint */,
				04D52D372809D80B00D4C010 /* Sources */,
				04D52D382809D80B00D4C010 /* Frameworks */,
				04D52D392809D80B00D4C010 /* Resources */,
			);
			buildRules = (
			);
			dependencies = (
				04D52D3D2809D80B00D4C010 /* PBXTargetDependency */,
			);
			name = "Facebook-iOSUITests";
			productName = "Facebook-iOSUITests";
			productReference = 04D52D3B2809D80B00D4C010 /* Facebook-iOSUITests.xctest */;
			productType = "com.apple.product-type.bundle.ui-testing";
		};
/* End PBXNativeTarget section */

/* Begin PBXProject section */
		04D52D132809D7FC00D4C010 /* Project object */ = {
			isa = PBXProject;
			attributes = {
				BuildIndependentTargetsInParallel = 1;
				LastSwiftUpdateCheck = 1330;
				LastUpgradeCheck = 1330;
				TargetAttributes = {
					04D52D1A2809D7FC00D4C010 = {
						CreatedOnToolsVersion = 13.3;
					};
					04D52D302809D80B00D4C010 = {
						CreatedOnToolsVersion = 13.3;
						TestTargetID = 04D52D1A2809D7FC00D4C010;
					};
					04D52D3A2809D80B00D4C010 = {
						CreatedOnToolsVersion = 13.3;
						TestTargetID = 04D52D1A2809D7FC00D4C010;
					};
				};
			};
			buildConfigurationList = 04D52D162809D7FC00D4C010 /* Build configuration list for PBXProject "Facebook-iOS" */;
			compatibilityVersion = "Xcode 13.0";
			developmentRegion = en;
			hasScannedForEncodings = 0;
			knownRegions = (
				en,
				Base,
			);
			mainGroup = 04D52D122809D7FC00D4C010;
			productRefGroup = 04D52D1C2809D7FC00D4C010 /* Products */;
			projectDirPath = "";
			projectRoot = "";
			targets = (
				04D52D1A2809D7FC00D4C010 /* Facebook-iOS */,
				04D52D302809D80B00D4C010 /* Facebook-iOSTests */,
				04D52D3A2809D80B00D4C010 /* Facebook-iOSUITests */,
			);
		};
/* End PBXProject section */

/* Begin PBXResourcesBuildPhase section */
		04D52D192809D7FC00D4C010 /* Resources */ = {
			isa = PBXResourcesBuildPhase;
			buildActionMask = 2147483647;
			files = (
				5FD923A329F9913500633203 /* Roboto-BoldItalic.ttf in Resources */,
				5FD923A129F98F8700633203 /* Roboto-MediumItalic.ttf in Resources */,
				04D52D622809F4C400D4C010 /* CoreUI_TODO.txt in Resources */,
				047DC747281943EA00717EEC /* Raleway-Medium.ttf in Resources */,
				04D52D5F2809F48600D4C010 /* DataModels_TODO.txt in Resources */,
				047DC748281943EA00717EEC /* Raleway-Regular.ttf in Resources */,
				04D52D672809F52F00D4C010 /* Foundation_Extensions_TODO.txt in Resources */,
				047DC73E2819357800717EEC /* Fonts_TODO.txt in Resources */,
				04D52D2B2809D80B00D4C010 /* LaunchScreen.storyboard in Resources */,
				04D52D6C2809F5B900D4C010 /* Services_TODO.txt in Resources */,
				047DC73C281934EB00717EEC /* Localization_TODO.txt in Resources */,
				047DC73A2819341000717EEC /* Colors.xcassets in Resources */,
				5FD7019B29F8D89600C81E85 /* Reference.storyboard in Resources */,
				04D52D6F2809F62900D4C010 /* Protocols_TODO.txt in Resources */,
				04D52D692809F55800D4C010 /* UIKit_Extensions_TODO.txt in Resources */,
				04D52D5C2809F14600D4C010 /* Images.xcassets in Resources */,
				047DC749281943EA00717EEC /* Raleway-Bold.ttf in Resources */,
				04D52D282809D80B00D4C010 /* Assets.xcassets in Resources */,
			);
			runOnlyForDeploymentPostprocessing = 0;
		};
		04D52D2F2809D80B00D4C010 /* Resources */ = {
			isa = PBXResourcesBuildPhase;
			buildActionMask = 2147483647;
			files = (
			);
			runOnlyForDeploymentPostprocessing = 0;
		};
		04D52D392809D80B00D4C010 /* Resources */ = {
			isa = PBXResourcesBuildPhase;
			buildActionMask = 2147483647;
			files = (
			);
			runOnlyForDeploymentPostprocessing = 0;
		};
/* End PBXResourcesBuildPhase section */

/* Begin PBXShellScriptBuildPhase section */
		04D52D4F2809EC4400D4C010 /* Swift Lint */ = {
			isa = PBXShellScriptBuildPhase;
			buildActionMask = 2147483647;
			files = (
			);
			inputFileListPaths = (
			);
			inputPaths = (
			);
			name = "Swift Lint";
			outputFileListPaths = (
			);
			outputPaths = (
			);
			runOnlyForDeploymentPostprocessing = 0;
			shellPath = /bin/sh;
			shellScript = "\"${PODS_ROOT}/SwiftLint/swiftlint\"\n";
		};
		04D52D502809EC7D00D4C010 /* Swift Lint */ = {
			isa = PBXShellScriptBuildPhase;
			buildActionMask = 2147483647;
			files = (
			);
			inputFileListPaths = (
			);
			inputPaths = (
			);
			name = "Swift Lint";
			outputFileListPaths = (
			);
			outputPaths = (
			);
			runOnlyForDeploymentPostprocessing = 0;
			shellPath = /bin/sh;
			shellScript = "\"${PODS_ROOT}/SwiftLint/swiftlint\"\n";
		};
		04D52D512809EC9000D4C010 /* Swift Lint */ = {
			isa = PBXShellScriptBuildPhase;
			buildActionMask = 2147483647;
			files = (
			);
			inputFileListPaths = (
			);
			inputPaths = (
			);
			name = "Swift Lint";
			outputFileListPaths = (
			);
			outputPaths = (
			);
			runOnlyForDeploymentPostprocessing = 0;
			shellPath = /bin/sh;
			shellScript = "\"${PODS_ROOT}/SwiftLint/swiftlint\"\n";
		};
		6ABFF6AB2F9EF7CC017F1453 /* [CP] Check Pods Manifest.lock */ = {
			isa = PBXShellScriptBuildPhase;
			buildActionMask = 2147483647;
			files = (
			);
			inputFileListPaths = (
			);
			inputPaths = (
				"${PODS_PODFILE_DIR_PATH}/Podfile.lock",
				"${PODS_ROOT}/Manifest.lock",
			);
			name = "[CP] Check Pods Manifest.lock";
			outputFileListPaths = (
			);
			outputPaths = (
				"$(DERIVED_FILE_DIR)/Pods-App-Facebook-iOSUITests-checkManifestLockResult.txt",
			);
			runOnlyForDeploymentPostprocessing = 0;
			shellPath = /bin/sh;
			shellScript = "diff \"${PODS_PODFILE_DIR_PATH}/Podfile.lock\" \"${PODS_ROOT}/Manifest.lock\" > /dev/null\nif [ $? != 0 ] ; then\n    # print error to STDERR\n    echo \"error: The sandbox is not in sync with the Podfile.lock. Run 'pod install' or update your CocoaPods installation.\" >&2\n    exit 1\nfi\n# This output is used by Xcode 'outputs' to avoid re-running this script phase.\necho \"SUCCESS\" > \"${SCRIPT_OUTPUT_FILE_0}\"\n";
			showEnvVarsInLog = 0;
		};
		BC2D26A002DB452835CE4408 /* [CP] Check Pods Manifest.lock */ = {
			isa = PBXShellScriptBuildPhase;
			buildActionMask = 2147483647;
			files = (
			);
			inputFileListPaths = (
			);
			inputPaths = (
				"${PODS_PODFILE_DIR_PATH}/Podfile.lock",
				"${PODS_ROOT}/Manifest.lock",
			);
			name = "[CP] Check Pods Manifest.lock";
			outputFileListPaths = (
			);
			outputPaths = (
				"$(DERIVED_FILE_DIR)/Pods-App-Facebook-iOS-checkManifestLockResult.txt",
			);
			runOnlyForDeploymentPostprocessing = 0;
			shellPath = /bin/sh;
			shellScript = "diff \"${PODS_PODFILE_DIR_PATH}/Podfile.lock\" \"${PODS_ROOT}/Manifest.lock\" > /dev/null\nif [ $? != 0 ] ; then\n    # print error to STDERR\n    echo \"error: The sandbox is not in sync with the Podfile.lock. Run 'pod install' or update your CocoaPods installation.\" >&2\n    exit 1\nfi\n# This output is used by Xcode 'outputs' to avoid re-running this script phase.\necho \"SUCCESS\" > \"${SCRIPT_OUTPUT_FILE_0}\"\n";
			showEnvVarsInLog = 0;
		};
		D1786199C3163641F76BBD7C /* [CP] Check Pods Manifest.lock */ = {
			isa = PBXShellScriptBuildPhase;
			buildActionMask = 2147483647;
			files = (
			);
			inputFileListPaths = (
			);
			inputPaths = (
				"${PODS_PODFILE_DIR_PATH}/Podfile.lock",
				"${PODS_ROOT}/Manifest.lock",
			);
			name = "[CP] Check Pods Manifest.lock";
			outputFileListPaths = (
			);
			outputPaths = (
				"$(DERIVED_FILE_DIR)/Pods-App-Facebook-iOSTests-checkManifestLockResult.txt",
			);
			runOnlyForDeploymentPostprocessing = 0;
			shellPath = /bin/sh;
			shellScript = "diff \"${PODS_PODFILE_DIR_PATH}/Podfile.lock\" \"${PODS_ROOT}/Manifest.lock\" > /dev/null\nif [ $? != 0 ] ; then\n    # print error to STDERR\n    echo \"error: The sandbox is not in sync with the Podfile.lock. Run 'pod install' or update your CocoaPods installation.\" >&2\n    exit 1\nfi\n# This output is used by Xcode 'outputs' to avoid re-running this script phase.\necho \"SUCCESS\" > \"${SCRIPT_OUTPUT_FILE_0}\"\n";
			showEnvVarsInLog = 0;
		};
/* End PBXShellScriptBuildPhase section */

/* Begin PBXSourcesBuildPhase section */
		04D52D172809D7FC00D4C010 /* Sources */ = {
			isa = PBXSourcesBuildPhase;
			buildActionMask = 2147483647;
			files = (
				04D52D232809D7FC00D4C010 /* SignInViewController.swift in Sources */,
				04D52D1F2809D7FC00D4C010 /* AppDelegate.swift in Sources */,
				5FDFCA4129F5B3AC00E41A5F /* Coordinator.swift in Sources */,
				04D52D212809D7FC00D4C010 /* SceneDelegate.swift in Sources */,
				5FD7019D29F8F7BB00C81E85 /* SignInViewModel.swift in Sources */,
				047DC7422819438C00717EEC /* UIFont+Extension.swift in Sources */,
				047DC740281935E500717EEC /* UIColor+Extension.swift in Sources */,
				5FD7F9A329F878A800DD2AF1 /* AppCoordinator.swift in Sources */,
			);
			runOnlyForDeploymentPostprocessing = 0;
		};
		04D52D2D2809D80B00D4C010 /* Sources */ = {
			isa = PBXSourcesBuildPhase;
			buildActionMask = 2147483647;
			files = (
				04D52D362809D80B00D4C010 /* FacebookiOSTests.swift in Sources */,
			);
			runOnlyForDeploymentPostprocessing = 0;
		};
		04D52D372809D80B00D4C010 /* Sources */ = {
			isa = PBXSourcesBuildPhase;
			buildActionMask = 2147483647;
			files = (
				04D52D422809D80B00D4C010 /* Facebook_iOSUITestsLaunchTests.swift in Sources */,
				04D52D402809D80B00D4C010 /* FacebookiOSUITests.swift in Sources */,
			);
			runOnlyForDeploymentPostprocessing = 0;
		};
/* End PBXSourcesBuildPhase section */

/* Begin PBXTargetDependency section */
		04D52D332809D80B00D4C010 /* PBXTargetDependency */ = {
			isa = PBXTargetDependency;
			target = 04D52D1A2809D7FC00D4C010 /* Facebook-iOS */;
			targetProxy = 04D52D322809D80B00D4C010 /* PBXContainerItemProxy */;
		};
		04D52D3D2809D80B00D4C010 /* PBXTargetDependency */ = {
			isa = PBXTargetDependency;
			target = 04D52D1A2809D7FC00D4C010 /* Facebook-iOS */;
			targetProxy = 04D52D3C2809D80B00D4C010 /* PBXContainerItemProxy */;
		};
/* End PBXTargetDependency section */

/* Begin PBXVariantGroup section */
		04D52D292809D80B00D4C010 /* LaunchScreen.storyboard */ = {
			isa = PBXVariantGroup;
			children = (
				04D52D2A2809D80B00D4C010 /* Base */,
			);
			name = LaunchScreen.storyboard;
			sourceTree = "<group>";
		};
/* End PBXVariantGroup section */

/* Begin XCBuildConfiguration section */
		04D52D432809D80B00D4C010 /* Debug */ = {
			isa = XCBuildConfiguration;
			buildSettings = {
				ALWAYS_SEARCH_USER_PATHS = NO;
				CLANG_ANALYZER_NONNULL = YES;
				CLANG_ANALYZER_NUMBER_OBJECT_CONVERSION = YES_AGGRESSIVE;
				CLANG_CXX_LANGUAGE_STANDARD = "gnu++17";
				CLANG_ENABLE_MODULES = YES;
				CLANG_ENABLE_OBJC_ARC = YES;
				CLANG_ENABLE_OBJC_WEAK = YES;
				CLANG_WARN_BLOCK_CAPTURE_AUTORELEASING = YES;
				CLANG_WARN_BOOL_CONVERSION = YES;
				CLANG_WARN_COMMA = YES;
				CLANG_WARN_CONSTANT_CONVERSION = YES;
				CLANG_WARN_DEPRECATED_OBJC_IMPLEMENTATIONS = YES;
				CLANG_WARN_DIRECT_OBJC_ISA_USAGE = YES_ERROR;
				CLANG_WARN_DOCUMENTATION_COMMENTS = YES;
				CLANG_WARN_EMPTY_BODY = YES;
				CLANG_WARN_ENUM_CONVERSION = YES;
				CLANG_WARN_INFINITE_RECURSION = YES;
				CLANG_WARN_INT_CONVERSION = YES;
				CLANG_WARN_NON_LITERAL_NULL_CONVERSION = YES;
				CLANG_WARN_OBJC_IMPLICIT_RETAIN_SELF = YES;
				CLANG_WARN_OBJC_LITERAL_CONVERSION = YES;
				CLANG_WARN_OBJC_ROOT_CLASS = YES_ERROR;
				CLANG_WARN_QUOTED_INCLUDE_IN_FRAMEWORK_HEADER = YES;
				CLANG_WARN_RANGE_LOOP_ANALYSIS = YES;
				CLANG_WARN_STRICT_PROTOTYPES = YES;
				CLANG_WARN_SUSPICIOUS_MOVE = YES;
				CLANG_WARN_UNGUARDED_AVAILABILITY = YES_AGGRESSIVE;
				CLANG_WARN_UNREACHABLE_CODE = YES;
				CLANG_WARN__DUPLICATE_METHOD_MATCH = YES;
				COPY_PHASE_STRIP = NO;
				DEBUG_INFORMATION_FORMAT = dwarf;
				ENABLE_STRICT_OBJC_MSGSEND = YES;
				ENABLE_TESTABILITY = YES;
				GCC_C_LANGUAGE_STANDARD = gnu11;
				GCC_DYNAMIC_NO_PIC = NO;
				GCC_NO_COMMON_BLOCKS = YES;
				GCC_OPTIMIZATION_LEVEL = 0;
				GCC_PREPROCESSOR_DEFINITIONS = (
					"DEBUG=1",
					"$(inherited)",
				);
				GCC_WARN_64_TO_32_BIT_CONVERSION = YES;
				GCC_WARN_ABOUT_RETURN_TYPE = YES_ERROR;
				GCC_WARN_UNDECLARED_SELECTOR = YES;
				GCC_WARN_UNINITIALIZED_AUTOS = YES_AGGRESSIVE;
				GCC_WARN_UNUSED_FUNCTION = YES;
				GCC_WARN_UNUSED_VARIABLE = YES;
				IPHONEOS_DEPLOYMENT_TARGET = 13.0;
				MTL_ENABLE_DEBUG_INFO = INCLUDE_SOURCE;
				MTL_FAST_MATH = YES;
				ONLY_ACTIVE_ARCH = YES;
				SDKROOT = iphoneos;
				SWIFT_ACTIVE_COMPILATION_CONDITIONS = DEBUG;
				SWIFT_OPTIMIZATION_LEVEL = "-Onone";
			};
			name = Debug;
		};
		04D52D442809D80B00D4C010 /* Release */ = {
			isa = XCBuildConfiguration;
			buildSettings = {
				ALWAYS_SEARCH_USER_PATHS = NO;
				CLANG_ANALYZER_NONNULL = YES;
				CLANG_ANALYZER_NUMBER_OBJECT_CONVERSION = YES_AGGRESSIVE;
				CLANG_CXX_LANGUAGE_STANDARD = "gnu++17";
				CLANG_ENABLE_MODULES = YES;
				CLANG_ENABLE_OBJC_ARC = YES;
				CLANG_ENABLE_OBJC_WEAK = YES;
				CLANG_WARN_BLOCK_CAPTURE_AUTORELEASING = YES;
				CLANG_WARN_BOOL_CONVERSION = YES;
				CLANG_WARN_COMMA = YES;
				CLANG_WARN_CONSTANT_CONVERSION = YES;
				CLANG_WARN_DEPRECATED_OBJC_IMPLEMENTATIONS = YES;
				CLANG_WARN_DIRECT_OBJC_ISA_USAGE = YES_ERROR;
				CLANG_WARN_DOCUMENTATION_COMMENTS = YES;
				CLANG_WARN_EMPTY_BODY = YES;
				CLANG_WARN_ENUM_CONVERSION = YES;
				CLANG_WARN_INFINITE_RECURSION = YES;
				CLANG_WARN_INT_CONVERSION = YES;
				CLANG_WARN_NON_LITERAL_NULL_CONVERSION = YES;
				CLANG_WARN_OBJC_IMPLICIT_RETAIN_SELF = YES;
				CLANG_WARN_OBJC_LITERAL_CONVERSION = YES;
				CLANG_WARN_OBJC_ROOT_CLASS = YES_ERROR;
				CLANG_WARN_QUOTED_INCLUDE_IN_FRAMEWORK_HEADER = YES;
				CLANG_WARN_RANGE_LOOP_ANALYSIS = YES;
				CLANG_WARN_STRICT_PROTOTYPES = YES;
				CLANG_WARN_SUSPICIOUS_MOVE = YES;
				CLANG_WARN_UNGUARDED_AVAILABILITY = YES_AGGRESSIVE;
				CLANG_WARN_UNREACHABLE_CODE = YES;
				CLANG_WARN__DUPLICATE_METHOD_MATCH = YES;
				COPY_PHASE_STRIP = NO;
				DEBUG_INFORMATION_FORMAT = "dwarf-with-dsym";
				ENABLE_NS_ASSERTIONS = NO;
				ENABLE_STRICT_OBJC_MSGSEND = YES;
				GCC_C_LANGUAGE_STANDARD = gnu11;
				GCC_NO_COMMON_BLOCKS = YES;
				GCC_WARN_64_TO_32_BIT_CONVERSION = YES;
				GCC_WARN_ABOUT_RETURN_TYPE = YES_ERROR;
				GCC_WARN_UNDECLARED_SELECTOR = YES;
				GCC_WARN_UNINITIALIZED_AUTOS = YES_AGGRESSIVE;
				GCC_WARN_UNUSED_FUNCTION = YES;
				GCC_WARN_UNUSED_VARIABLE = YES;
				IPHONEOS_DEPLOYMENT_TARGET = 13.0;
				MTL_ENABLE_DEBUG_INFO = NO;
				MTL_FAST_MATH = YES;
				SDKROOT = iphoneos;
				SWIFT_COMPILATION_MODE = wholemodule;
				SWIFT_OPTIMIZATION_LEVEL = "-O";
				VALIDATE_PRODUCT = YES;
			};
			name = Release;
		};
		04D52D462809D80B00D4C010 /* Debug */ = {
			isa = XCBuildConfiguration;
			baseConfigurationReference = 835884B22417993333F3A885 /* Pods-App-Facebook-iOS.debug.xcconfig */;
			buildSettings = {
				ASSETCATALOG_COMPILER_APPICON_NAME = AppIcon;
				ASSETCATALOG_COMPILER_GLOBAL_ACCENT_COLOR_NAME = AccentColor;
				CODE_SIGN_STYLE = Automatic;
				CURRENT_PROJECT_VERSION = 1;
				GENERATE_INFOPLIST_FILE = YES;
				INFOPLIST_FILE = "$(SRCROOT)/Facebook-iOS/BundleFiles/Plist/Info.plist";
				INFOPLIST_KEY_UIApplicationSupportsIndirectInputEvents = YES;
				INFOPLIST_KEY_UILaunchStoryboardName = LaunchScreen;
				INFOPLIST_KEY_UISupportedInterfaceOrientations_iPad = "UIInterfaceOrientationPortrait UIInterfaceOrientationPortraitUpsideDown UIInterfaceOrientationLandscapeLeft UIInterfaceOrientationLandscapeRight";
				INFOPLIST_KEY_UISupportedInterfaceOrientations_iPhone = "UIInterfaceOrientationPortrait UIInterfaceOrientationLandscapeLeft UIInterfaceOrientationLandscapeRight";
				LD_RUNPATH_SEARCH_PATHS = (
					"$(inherited)",
					"@executable_path/Frameworks",
				);
				MARKETING_VERSION = 1.0;
				PRODUCT_BUNDLE_IDENTIFIER = "com.Facebook-iOS";
				PRODUCT_NAME = "$(TARGET_NAME)";
				SWIFT_EMIT_LOC_STRINGS = YES;
				SWIFT_VERSION = 5.0;
				TARGETED_DEVICE_FAMILY = "1,2";
			};
			name = Debug;
		};
		04D52D472809D80B00D4C010 /* Release */ = {
			isa = XCBuildConfiguration;
			baseConfigurationReference = 15A5B658A64061E412B41C2E /* Pods-App-Facebook-iOS.release.xcconfig */;
			buildSettings = {
				ASSETCATALOG_COMPILER_APPICON_NAME = AppIcon;
				ASSETCATALOG_COMPILER_GLOBAL_ACCENT_COLOR_NAME = AccentColor;
				CODE_SIGN_STYLE = Automatic;
				CURRENT_PROJECT_VERSION = 1;
				GENERATE_INFOPLIST_FILE = YES;
				INFOPLIST_FILE = "$(SRCROOT)/Facebook-iOS/BundleFiles/Plist/Info.plist";
				INFOPLIST_KEY_UIApplicationSupportsIndirectInputEvents = YES;
				INFOPLIST_KEY_UILaunchStoryboardName = LaunchScreen;
				INFOPLIST_KEY_UISupportedInterfaceOrientations_iPad = "UIInterfaceOrientationPortrait UIInterfaceOrientationPortraitUpsideDown UIInterfaceOrientationLandscapeLeft UIInterfaceOrientationLandscapeRight";
				INFOPLIST_KEY_UISupportedInterfaceOrientations_iPhone = "UIInterfaceOrientationPortrait UIInterfaceOrientationLandscapeLeft UIInterfaceOrientationLandscapeRight";
				LD_RUNPATH_SEARCH_PATHS = (
					"$(inherited)",
					"@executable_path/Frameworks",
				);
				MARKETING_VERSION = 1.0;
				PRODUCT_BUNDLE_IDENTIFIER = "com.Facebook-iOS";
				PRODUCT_NAME = "$(TARGET_NAME)";
				SWIFT_EMIT_LOC_STRINGS = YES;
				SWIFT_VERSION = 5.0;
				TARGETED_DEVICE_FAMILY = "1,2";
			};
			name = Release;
		};
		04D52D492809D80B00D4C010 /* Debug */ = {
			isa = XCBuildConfiguration;
			baseConfigurationReference = C8EC75C8BC4E438309DF355C /* Pods-App-Facebook-iOSTests.debug.xcconfig */;
			buildSettings = {
				ALWAYS_EMBED_SWIFT_STANDARD_LIBRARIES = YES;
				BUNDLE_LOADER = "$(TEST_HOST)";
				CODE_SIGN_STYLE = Automatic;
				CURRENT_PROJECT_VERSION = 1;
				GENERATE_INFOPLIST_FILE = YES;
				IPHONEOS_DEPLOYMENT_TARGET = 15.4;
				MARKETING_VERSION = 1.0;
				PRODUCT_BUNDLE_IDENTIFIER = "com.Facebook-iOSTests";
				PRODUCT_NAME = "$(TARGET_NAME)";
				SWIFT_EMIT_LOC_STRINGS = NO;
				SWIFT_VERSION = 5.0;
				TARGETED_DEVICE_FAMILY = "1,2";
				TEST_HOST = "$(BUILT_PRODUCTS_DIR)/Facebook-iOS.app/Facebook-iOS";
			};
			name = Debug;
		};
		04D52D4A2809D80B00D4C010 /* Release */ = {
			isa = XCBuildConfiguration;
			baseConfigurationReference = 30D6BA4859E3C0D7A3A15332 /* Pods-App-Facebook-iOSTests.release.xcconfig */;
			buildSettings = {
				ALWAYS_EMBED_SWIFT_STANDARD_LIBRARIES = YES;
				BUNDLE_LOADER = "$(TEST_HOST)";
				CODE_SIGN_STYLE = Automatic;
				CURRENT_PROJECT_VERSION = 1;
				GENERATE_INFOPLIST_FILE = YES;
				IPHONEOS_DEPLOYMENT_TARGET = 15.4;
				MARKETING_VERSION = 1.0;
				PRODUCT_BUNDLE_IDENTIFIER = "com.Facebook-iOSTests";
				PRODUCT_NAME = "$(TARGET_NAME)";
				SWIFT_EMIT_LOC_STRINGS = NO;
				SWIFT_VERSION = 5.0;
				TARGETED_DEVICE_FAMILY = "1,2";
				TEST_HOST = "$(BUILT_PRODUCTS_DIR)/Facebook-iOS.app/Facebook-iOS";
			};
			name = Release;
		};
		04D52D4C2809D80B00D4C010 /* Debug */ = {
			isa = XCBuildConfiguration;
			baseConfigurationReference = 7E05FEFB5EC52FFA0886D0B1 /* Pods-App-Facebook-iOSUITests.debug.xcconfig */;
			buildSettings = {
				ALWAYS_EMBED_SWIFT_STANDARD_LIBRARIES = YES;
				CODE_SIGN_STYLE = Automatic;
				CURRENT_PROJECT_VERSION = 1;
				GENERATE_INFOPLIST_FILE = YES;
				MARKETING_VERSION = 1.0;
				PRODUCT_BUNDLE_IDENTIFIER = "com.Facebook-iOSUITests";
				PRODUCT_NAME = "$(TARGET_NAME)";
				SWIFT_EMIT_LOC_STRINGS = NO;
				SWIFT_VERSION = 5.0;
				TARGETED_DEVICE_FAMILY = "1,2";
				TEST_TARGET_NAME = "Facebook-iOS";
			};
			name = Debug;
		};
		04D52D4D2809D80B00D4C010 /* Release */ = {
			isa = XCBuildConfiguration;
			baseConfigurationReference = A5A62398235DFA42D9783365 /* Pods-App-Facebook-iOSUITests.release.xcconfig */;
			buildSettings = {
				ALWAYS_EMBED_SWIFT_STANDARD_LIBRARIES = YES;
				CODE_SIGN_STYLE = Automatic;
				CURRENT_PROJECT_VERSION = 1;
				GENERATE_INFOPLIST_FILE = YES;
				MARKETING_VERSION = 1.0;
				PRODUCT_BUNDLE_IDENTIFIER = "com.Facebook-iOSUITests";
				PRODUCT_NAME = "$(TARGET_NAME)";
				SWIFT_EMIT_LOC_STRINGS = NO;
				SWIFT_VERSION = 5.0;
				TARGETED_DEVICE_FAMILY = "1,2";
				TEST_TARGET_NAME = "Facebook-iOS";
			};
			name = Release;
		};
/* End XCBuildConfiguration section */

/* Begin XCConfigurationList section */
		04D52D162809D7FC00D4C010 /* Build configuration list for PBXProject "Facebook-iOS" */ = {
			isa = XCConfigurationList;
			buildConfigurations = (
				04D52D432809D80B00D4C010 /* Debug */,
				04D52D442809D80B00D4C010 /* Release */,
			);
			defaultConfigurationIsVisible = 0;
			defaultConfigurationName = Release;
		};
		04D52D452809D80B00D4C010 /* Build configuration list for PBXNativeTarget "Facebook-iOS" */ = {
			isa = XCConfigurationList;
			buildConfigurations = (
				04D52D462809D80B00D4C010 /* Debug */,
				04D52D472809D80B00D4C010 /* Release */,
			);
			defaultConfigurationIsVisible = 0;
			defaultConfigurationName = Release;
		};
		04D52D482809D80B00D4C010 /* Build configuration list for PBXNativeTarget "Facebook-iOSTests" */ = {
			isa = XCConfigurationList;
			buildConfigurations = (
				04D52D492809D80B00D4C010 /* Debug */,
				04D52D4A2809D80B00D4C010 /* Release */,
			);
			defaultConfigurationIsVisible = 0;
			defaultConfigurationName = Release;
		};
		04D52D4B2809D80B00D4C010 /* Build configuration list for PBXNativeTarget "Facebook-iOSUITests" */ = {
			isa = XCConfigurationList;
			buildConfigurations = (
				04D52D4C2809D80B00D4C010 /* Debug */,
				04D52D4D2809D80B00D4C010 /* Release */,
			);
			defaultConfigurationIsVisible = 0;
			defaultConfigurationName = Release;
		};
/* End XCConfigurationList section */
	};
	rootObject = 04D52D132809D7FC00D4C010 /* Project object */;
}
